// !$*UTF8*$!
{
	archiveVersion = 1;
	classes = {
	};
	objectVersion = 46;
	objects = {

/* Begin PBXBuildFile section */
		0B193BAE1D70C57100188F78 /* ViewController+Storyboard.swift in Sources */ = {isa = PBXBuildFile; fileRef = 0B193BAD1D70C57100188F78 /* ViewController+Storyboard.swift */; };
		0B193BB11D70C5E900188F78 /* TimelineVC.storyboard in Resources */ = {isa = PBXBuildFile; fileRef = 0B193BB01D70C5E900188F78 /* TimelineVC.storyboard */; };
		0B193BB21D70C75C00188F78 /* Welcome.storyboard in Resources */ = {isa = PBXBuildFile; fileRef = 0BD59B1B1D70942300ED92D2 /* Welcome.storyboard */; };
		0B193BB31D70C75F00188F78 /* LaunchScreen.storyboard in Resources */ = {isa = PBXBuildFile; fileRef = 0BD59B191D70942300ED92D2 /* LaunchScreen.storyboard */; };
		0B57BF9E1D70937E00D77039 /* Auth.swift in Sources */ = {isa = PBXBuildFile; fileRef = 0B57BF9B1D70937E00D77039 /* Auth.swift */; };
		0B57BF9F1D70937E00D77039 /* BaseApi.swift in Sources */ = {isa = PBXBuildFile; fileRef = 0B57BF9C1D70937E00D77039 /* BaseApi.swift */; };
		0B57BFA01D70937E00D77039 /* NipposApi.swift in Sources */ = {isa = PBXBuildFile; fileRef = 0B57BF9D1D70937E00D77039 /* NipposApi.swift */; };
		0B57BFA91D7093C800D77039 /* TimelineVC.swift in Sources */ = {isa = PBXBuildFile; fileRef = 0B57BFA41D7093C800D77039 /* TimelineVC.swift */; };
		0B57BFAB1D7093C800D77039 /* WelcomeVC.swift in Sources */ = {isa = PBXBuildFile; fileRef = 0B57BFA61D7093C800D77039 /* WelcomeVC.swift */; };
		0B92CBAA1D708FEB00473D40 /* 04F5B617-7FBA-3B0A-AD43-1301A59DD2AE.bcsymbolmap in Resources */ = {isa = PBXBuildFile; fileRef = 0B92C81A1D708FEA00473D40 /* 04F5B617-7FBA-3B0A-AD43-1301A59DD2AE.bcsymbolmap */; };
		0B92CBAB1D708FEB00473D40 /* 3C7A565B-CBCF-36E4-89DD-75C2FDAD5611.bcsymbolmap in Resources */ = {isa = PBXBuildFile; fileRef = 0B92C81B1D708FEA00473D40 /* 3C7A565B-CBCF-36E4-89DD-75C2FDAD5611.bcsymbolmap */; };
		0B92CBAC1D708FEB00473D40 /* 4F915BED-87F6-30E6-BD37-A7C0771BB9A7.bcsymbolmap in Resources */ = {isa = PBXBuildFile; fileRef = 0B92C81C1D708FEA00473D40 /* 4F915BED-87F6-30E6-BD37-A7C0771BB9A7.bcsymbolmap */; };
		0B92CBAD1D708FEB00473D40 /* 6125595F-450D-3479-BE1E-19D2AA2D8128.bcsymbolmap in Resources */ = {isa = PBXBuildFile; fileRef = 0B92C81D1D708FEA00473D40 /* 6125595F-450D-3479-BE1E-19D2AA2D8128.bcsymbolmap */; };
		0B92CBAE1D708FEB00473D40 /* 818242B1-B227-395C-8FBF-CF4FC9ADCE41.bcsymbolmap in Resources */ = {isa = PBXBuildFile; fileRef = 0B92C81E1D708FEA00473D40 /* 818242B1-B227-395C-8FBF-CF4FC9ADCE41.bcsymbolmap */; };
		0B92CBAF1D708FEB00473D40 /* A204F826-4E27-3065-AC3C-608753E0F9C0.bcsymbolmap in Resources */ = {isa = PBXBuildFile; fileRef = 0B92C81F1D708FEA00473D40 /* A204F826-4E27-3065-AC3C-608753E0F9C0.bcsymbolmap */; };
		0B92CBB01D708FEB00473D40 /* Alamofire.framework in Frameworks */ = {isa = PBXBuildFile; fileRef = 0B92C8201D708FEA00473D40 /* Alamofire.framework */; };
		0B92CBB11D708FEB00473D40 /* Alamofire.framework.dSYM in Resources */ = {isa = PBXBuildFile; fileRef = 0B92C8211D708FEA00473D40 /* Alamofire.framework.dSYM */; };
		0B92CBB21D708FEB00473D40 /* BF3B395F-06E6-331A-AECC-2F29E85316DE.bcsymbolmap in Resources */ = {isa = PBXBuildFile; fileRef = 0B92C8221D708FEA00473D40 /* BF3B395F-06E6-331A-AECC-2F29E85316DE.bcsymbolmap */; };
		0B92CBB31D708FEB00473D40 /* ED4AFB8E-F121-3F57-903C-615AB780C78C.bcsymbolmap in Resources */ = {isa = PBXBuildFile; fileRef = 0B92C8231D708FEA00473D40 /* ED4AFB8E-F121-3F57-903C-615AB780C78C.bcsymbolmap */; };
		0B92CBB41D708FEB00473D40 /* KeychainAccess.framework in Frameworks */ = {isa = PBXBuildFile; fileRef = 0B92C8241D708FEA00473D40 /* KeychainAccess.framework */; };
		0B92CBB51D708FEB00473D40 /* KeychainAccess.framework.dSYM in Resources */ = {isa = PBXBuildFile; fileRef = 0B92C8251D708FEA00473D40 /* KeychainAccess.framework.dSYM */; };
		0B92CBBC1D708FEB00473D40 /* SwiftyJSON.framework in Frameworks */ = {isa = PBXBuildFile; fileRef = 0B92C82C1D708FEA00473D40 /* SwiftyJSON.framework */; };
		0B92CBBD1D708FEB00473D40 /* SwiftyJSON.framework.dSYM in Resources */ = {isa = PBXBuildFile; fileRef = 0B92C82D1D708FEA00473D40 /* SwiftyJSON.framework.dSYM */; };
		0B9C47451D71DDD900C384CE /* OAuthSwift.framework in Frameworks */ = {isa = PBXBuildFile; fileRef = 0B9C47431D71DDD900C384CE /* OAuthSwift.framework */; };
		0B9C47461D71DDD900C384CE /* OAuthSwift.framework.dSYM in Resources */ = {isa = PBXBuildFile; fileRef = 0B9C47441D71DDD900C384CE /* OAuthSwift.framework.dSYM */; };
		0B9C47481D7C4BE400C384CE /* TimelineCell.xib in Resources */ = {isa = PBXBuildFile; fileRef = 0B9C47471D7C4BE400C384CE /* TimelineCell.xib */; };
		0B9C474A1D7C4C4300C384CE /* TimelineCell.swift in Sources */ = {isa = PBXBuildFile; fileRef = 0B9C47491D7C4C4300C384CE /* TimelineCell.swift */; };
		0BD59B201D70942300ED92D2 /* TimelineNavigationController.storyboard in Resources */ = {isa = PBXBuildFile; fileRef = 0BD59B1D1D70942300ED92D2 /* TimelineNavigationController.storyboard */; };
		0BD59B221D70BF3E00ED92D2 /* TimelineNavigationController.swift in Sources */ = {isa = PBXBuildFile; fileRef = 0BD59B211D70BF3E00ED92D2 /* TimelineNavigationController.swift */; };
		0BE43A3B1D70819C007AB85F /* AppDelegate.swift in Sources */ = {isa = PBXBuildFile; fileRef = 0BE43A3A1D70819C007AB85F /* AppDelegate.swift */; };
		0BE43A421D70819C007AB85F /* Assets.xcassets in Resources */ = {isa = PBXBuildFile; fileRef = 0BE43A411D70819C007AB85F /* Assets.xcassets */; };
		0BE43A501D70819C007AB85F /* i_nippoTests.swift in Sources */ = {isa = PBXBuildFile; fileRef = 0BE43A4F1D70819C007AB85F /* i_nippoTests.swift */; };
		0BE43A5B1D70819C007AB85F /* i_nippoUITests.swift in Sources */ = {isa = PBXBuildFile; fileRef = 0BE43A5A1D70819C007AB85F /* i_nippoUITests.swift */; };
/* End PBXBuildFile section */

/* Begin PBXContainerItemProxy section */
		0BE43A4C1D70819C007AB85F /* PBXContainerItemProxy */ = {
			isa = PBXContainerItemProxy;
			containerPortal = 0BE43A2F1D70819C007AB85F /* Project object */;
			proxyType = 1;
			remoteGlobalIDString = 0BE43A361D70819C007AB85F;
			remoteInfo = "i-nippo";
		};
		0BE43A571D70819C007AB85F /* PBXContainerItemProxy */ = {
			isa = PBXContainerItemProxy;
			containerPortal = 0BE43A2F1D70819C007AB85F /* Project object */;
			proxyType = 1;
			remoteGlobalIDString = 0BE43A361D70819C007AB85F;
			remoteInfo = "i-nippo";
		};
/* End PBXContainerItemProxy section */

/* Begin PBXFileReference section */
		0B193BAD1D70C57100188F78 /* ViewController+Storyboard.swift */ = {isa = PBXFileReference; fileEncoding = 4; lastKnownFileType = sourcecode.swift; path = "ViewController+Storyboard.swift"; sourceTree = "<group>"; };
		0B193BB01D70C5E900188F78 /* TimelineVC.storyboard */ = {isa = PBXFileReference; fileEncoding = 4; lastKnownFileType = file.storyboard; path = TimelineVC.storyboard; sourceTree = "<group>"; };
		0B57BF9B1D70937E00D77039 /* Auth.swift */ = {isa = PBXFileReference; fileEncoding = 4; lastKnownFileType = sourcecode.swift; path = Auth.swift; sourceTree = "<group>"; };
		0B57BF9C1D70937E00D77039 /* BaseApi.swift */ = {isa = PBXFileReference; fileEncoding = 4; lastKnownFileType = sourcecode.swift; path = BaseApi.swift; sourceTree = "<group>"; };
		0B57BF9D1D70937E00D77039 /* NipposApi.swift */ = {isa = PBXFileReference; fileEncoding = 4; lastKnownFileType = sourcecode.swift; path = NipposApi.swift; sourceTree = "<group>"; };
		0B57BFA41D7093C800D77039 /* TimelineVC.swift */ = {isa = PBXFileReference; fileEncoding = 4; lastKnownFileType = sourcecode.swift; path = TimelineVC.swift; sourceTree = "<group>"; };
		0B57BFA61D7093C800D77039 /* WelcomeVC.swift */ = {isa = PBXFileReference; fileEncoding = 4; lastKnownFileType = sourcecode.swift; path = WelcomeVC.swift; sourceTree = "<group>"; };
		0B92C81A1D708FEA00473D40 /* 04F5B617-7FBA-3B0A-AD43-1301A59DD2AE.bcsymbolmap */ = {isa = PBXFileReference; fileEncoding = 4; lastKnownFileType = text; path = "04F5B617-7FBA-3B0A-AD43-1301A59DD2AE.bcsymbolmap"; sourceTree = "<group>"; };
		0B92C81B1D708FEA00473D40 /* 3C7A565B-CBCF-36E4-89DD-75C2FDAD5611.bcsymbolmap */ = {isa = PBXFileReference; fileEncoding = 4; lastKnownFileType = text; path = "3C7A565B-CBCF-36E4-89DD-75C2FDAD5611.bcsymbolmap"; sourceTree = "<group>"; };
		0B92C81C1D708FEA00473D40 /* 4F915BED-87F6-30E6-BD37-A7C0771BB9A7.bcsymbolmap */ = {isa = PBXFileReference; fileEncoding = 4; lastKnownFileType = text; path = "4F915BED-87F6-30E6-BD37-A7C0771BB9A7.bcsymbolmap"; sourceTree = "<group>"; };
		0B92C81D1D708FEA00473D40 /* 6125595F-450D-3479-BE1E-19D2AA2D8128.bcsymbolmap */ = {isa = PBXFileReference; fileEncoding = 4; lastKnownFileType = text; path = "6125595F-450D-3479-BE1E-19D2AA2D8128.bcsymbolmap"; sourceTree = "<group>"; };
		0B92C81E1D708FEA00473D40 /* 818242B1-B227-395C-8FBF-CF4FC9ADCE41.bcsymbolmap */ = {isa = PBXFileReference; fileEncoding = 4; lastKnownFileType = text; path = "818242B1-B227-395C-8FBF-CF4FC9ADCE41.bcsymbolmap"; sourceTree = "<group>"; };
		0B92C81F1D708FEA00473D40 /* A204F826-4E27-3065-AC3C-608753E0F9C0.bcsymbolmap */ = {isa = PBXFileReference; fileEncoding = 4; lastKnownFileType = text; path = "A204F826-4E27-3065-AC3C-608753E0F9C0.bcsymbolmap"; sourceTree = "<group>"; };
		0B92C8201D708FEA00473D40 /* Alamofire.framework */ = {isa = PBXFileReference; lastKnownFileType = wrapper.framework; path = Alamofire.framework; sourceTree = "<group>"; };
		0B92C8211D708FEA00473D40 /* Alamofire.framework.dSYM */ = {isa = PBXFileReference; lastKnownFileType = wrapper.dsym; path = Alamofire.framework.dSYM; sourceTree = "<group>"; };
		0B92C8221D708FEA00473D40 /* BF3B395F-06E6-331A-AECC-2F29E85316DE.bcsymbolmap */ = {isa = PBXFileReference; fileEncoding = 4; lastKnownFileType = text; path = "BF3B395F-06E6-331A-AECC-2F29E85316DE.bcsymbolmap"; sourceTree = "<group>"; };
		0B92C8231D708FEA00473D40 /* ED4AFB8E-F121-3F57-903C-615AB780C78C.bcsymbolmap */ = {isa = PBXFileReference; fileEncoding = 4; lastKnownFileType = text; path = "ED4AFB8E-F121-3F57-903C-615AB780C78C.bcsymbolmap"; sourceTree = "<group>"; };
		0B92C8241D708FEA00473D40 /* KeychainAccess.framework */ = {isa = PBXFileReference; lastKnownFileType = wrapper.framework; path = KeychainAccess.framework; sourceTree = "<group>"; };
		0B92C8251D708FEA00473D40 /* KeychainAccess.framework.dSYM */ = {isa = PBXFileReference; lastKnownFileType = wrapper.dsym; path = KeychainAccess.framework.dSYM; sourceTree = "<group>"; };
		0B92C8261D708FEA00473D40 /* Nimble.framework */ = {isa = PBXFileReference; lastKnownFileType = wrapper.framework; path = Nimble.framework; sourceTree = "<group>"; };
		0B92C8271D708FEA00473D40 /* Nimble.framework.dSYM */ = {isa = PBXFileReference; lastKnownFileType = wrapper.dsym; path = Nimble.framework.dSYM; sourceTree = "<group>"; };
		0B92C82A1D708FEA00473D40 /* Quick.framework */ = {isa = PBXFileReference; lastKnownFileType = wrapper.framework; path = Quick.framework; sourceTree = "<group>"; };
		0B92C82B1D708FEA00473D40 /* Quick.framework.dSYM */ = {isa = PBXFileReference; lastKnownFileType = wrapper.dsym; path = Quick.framework.dSYM; sourceTree = "<group>"; };
		0B92C82C1D708FEA00473D40 /* SwiftyJSON.framework */ = {isa = PBXFileReference; lastKnownFileType = wrapper.framework; path = SwiftyJSON.framework; sourceTree = "<group>"; };
		0B92C82D1D708FEA00473D40 /* SwiftyJSON.framework.dSYM */ = {isa = PBXFileReference; lastKnownFileType = wrapper.dsym; path = SwiftyJSON.framework.dSYM; sourceTree = "<group>"; };
		0B9C47431D71DDD900C384CE /* OAuthSwift.framework */ = {isa = PBXFileReference; lastKnownFileType = wrapper.framework; path = OAuthSwift.framework; sourceTree = "<group>"; };
		0B9C47441D71DDD900C384CE /* OAuthSwift.framework.dSYM */ = {isa = PBXFileReference; lastKnownFileType = wrapper.dsym; path = OAuthSwift.framework.dSYM; sourceTree = "<group>"; };
		0B9C47471D7C4BE400C384CE /* TimelineCell.xib */ = {isa = PBXFileReference; fileEncoding = 4; lastKnownFileType = file.xib; path = TimelineCell.xib; sourceTree = "<group>"; };
		0B9C47491D7C4C4300C384CE /* TimelineCell.swift */ = {isa = PBXFileReference; fileEncoding = 4; lastKnownFileType = sourcecode.swift; path = TimelineCell.swift; sourceTree = "<group>"; };
		0BD59B1A1D70942300ED92D2 /* Base */ = {isa = PBXFileReference; lastKnownFileType = file.storyboard; name = Base; path = Base.lproj/LaunchScreen.storyboard; sourceTree = "<group>"; };
		0BD59B1C1D70942300ED92D2 /* Base */ = {isa = PBXFileReference; lastKnownFileType = file.storyboard; name = Base; path = Base.lproj/Welcome.storyboard; sourceTree = "<group>"; };
		0BD59B1D1D70942300ED92D2 /* TimelineNavigationController.storyboard */ = {isa = PBXFileReference; fileEncoding = 4; lastKnownFileType = file.storyboard; path = TimelineNavigationController.storyboard; sourceTree = "<group>"; };
		0BD59B211D70BF3E00ED92D2 /* TimelineNavigationController.swift */ = {isa = PBXFileReference; fileEncoding = 4; lastKnownFileType = sourcecode.swift; path = TimelineNavigationController.swift; sourceTree = "<group>"; };
		0BE43A371D70819C007AB85F /* i-nippo.app */ = {isa = PBXFileReference; explicitFileType = wrapper.application; includeInIndex = 0; path = "i-nippo.app"; sourceTree = BUILT_PRODUCTS_DIR; };
		0BE43A3A1D70819C007AB85F /* AppDelegate.swift */ = {isa = PBXFileReference; lastKnownFileType = sourcecode.swift; path = AppDelegate.swift; sourceTree = "<group>"; };
		0BE43A411D70819C007AB85F /* Assets.xcassets */ = {isa = PBXFileReference; lastKnownFileType = folder.assetcatalog; path = Assets.xcassets; sourceTree = "<group>"; };
		0BE43A461D70819C007AB85F /* Info.plist */ = {isa = PBXFileReference; lastKnownFileType = text.plist.xml; path = Info.plist; sourceTree = "<group>"; };
		0BE43A4B1D70819C007AB85F /* i-nippoTests.xctest */ = {isa = PBXFileReference; explicitFileType = wrapper.cfbundle; includeInIndex = 0; path = "i-nippoTests.xctest"; sourceTree = BUILT_PRODUCTS_DIR; };
		0BE43A4F1D70819C007AB85F /* i_nippoTests.swift */ = {isa = PBXFileReference; lastKnownFileType = sourcecode.swift; path = i_nippoTests.swift; sourceTree = "<group>"; };
		0BE43A511D70819C007AB85F /* Info.plist */ = {isa = PBXFileReference; lastKnownFileType = text.plist.xml; path = Info.plist; sourceTree = "<group>"; };
		0BE43A561D70819C007AB85F /* i-nippoUITests.xctest */ = {isa = PBXFileReference; explicitFileType = wrapper.cfbundle; includeInIndex = 0; path = "i-nippoUITests.xctest"; sourceTree = BUILT_PRODUCTS_DIR; };
		0BE43A5A1D70819C007AB85F /* i_nippoUITests.swift */ = {isa = PBXFileReference; lastKnownFileType = sourcecode.swift; path = i_nippoUITests.swift; sourceTree = "<group>"; };
		0BE43A5C1D70819C007AB85F /* Info.plist */ = {isa = PBXFileReference; lastKnownFileType = text.plist.xml; path = Info.plist; sourceTree = "<group>"; };
/* End PBXFileReference section */

/* Begin PBXFrameworksBuildPhase section */
		0BE43A341D70819C007AB85F /* Frameworks */ = {
			isa = PBXFrameworksBuildPhase;
			buildActionMask = 2147483647;
			files = (
				0B92CBB41D708FEB00473D40 /* KeychainAccess.framework in Frameworks */,
				0B92CBBC1D708FEB00473D40 /* SwiftyJSON.framework in Frameworks */,
				0B9C47451D71DDD900C384CE /* OAuthSwift.framework in Frameworks */,
				0B92CBB01D708FEB00473D40 /* Alamofire.framework in Frameworks */,
			);
			runOnlyForDeploymentPostprocessing = 0;
		};
		0BE43A481D70819C007AB85F /* Frameworks */ = {
			isa = PBXFrameworksBuildPhase;
			buildActionMask = 2147483647;
			files = (
			);
			runOnlyForDeploymentPostprocessing = 0;
		};
		0BE43A531D70819C007AB85F /* Frameworks */ = {
			isa = PBXFrameworksBuildPhase;
			buildActionMask = 2147483647;
			files = (
			);
			runOnlyForDeploymentPostprocessing = 0;
		};
/* End PBXFrameworksBuildPhase section */

/* Begin PBXGroup section */
		0B193BAF1D70C57D00188F78 /* Common */ = {
			isa = PBXGroup;
			children = (
				0B193BAD1D70C57100188F78 /* ViewController+Storyboard.swift */,
			);
			name = Common;
			sourceTree = "<group>";
		};
		0B57BF9A1D70937E00D77039 /* Common */ = {
			isa = PBXGroup;
			children = (
				0B57BF9B1D70937E00D77039 /* Auth.swift */,
				0B57BF9C1D70937E00D77039 /* BaseApi.swift */,
				0B57BF9D1D70937E00D77039 /* NipposApi.swift */,
			);
			path = Common;
			sourceTree = "<group>";
		};
		0B57BFA11D7093C800D77039 /* Presentation */ = {
			isa = PBXGroup;
			children = (
				0B193BAF1D70C57D00188F78 /* Common */,
				0BD59B211D70BF3E00ED92D2 /* TimelineNavigationController.swift */,
				0B57BFA41D7093C800D77039 /* TimelineVC.swift */,
				0B9C47491D7C4C4300C384CE /* TimelineCell.swift */,
				0B9C47471D7C4BE400C384CE /* TimelineCell.xib */,
				0B57BFA61D7093C800D77039 /* WelcomeVC.swift */,
			);
			name = Presentation;
			path = Common/Presentation;
			sourceTree = "<group>";
		};
		0B92C8171D708FEA00473D40 /* Carthage */ = {
			isa = PBXGroup;
			children = (
				0B92C8181D708FEA00473D40 /* Build */,
			);
			path = Carthage;
			sourceTree = "<group>";
		};
		0B92C8181D708FEA00473D40 /* Build */ = {
			isa = PBXGroup;
			children = (
				0B92C8191D708FEA00473D40 /* iOS */,
			);
			path = Build;
			sourceTree = "<group>";
		};
		0B92C8191D708FEA00473D40 /* iOS */ = {
			isa = PBXGroup;
			children = (
				0B92C81A1D708FEA00473D40 /* 04F5B617-7FBA-3B0A-AD43-1301A59DD2AE.bcsymbolmap */,
				0B9C47431D71DDD900C384CE /* OAuthSwift.framework */,
				0B9C47441D71DDD900C384CE /* OAuthSwift.framework.dSYM */,
				0B92C81B1D708FEA00473D40 /* 3C7A565B-CBCF-36E4-89DD-75C2FDAD5611.bcsymbolmap */,
				0B92C81C1D708FEA00473D40 /* 4F915BED-87F6-30E6-BD37-A7C0771BB9A7.bcsymbolmap */,
				0B92C81D1D708FEA00473D40 /* 6125595F-450D-3479-BE1E-19D2AA2D8128.bcsymbolmap */,
				0B92C81E1D708FEA00473D40 /* 818242B1-B227-395C-8FBF-CF4FC9ADCE41.bcsymbolmap */,
				0B92C81F1D708FEA00473D40 /* A204F826-4E27-3065-AC3C-608753E0F9C0.bcsymbolmap */,
				0B92C8201D708FEA00473D40 /* Alamofire.framework */,
				0B92C8211D708FEA00473D40 /* Alamofire.framework.dSYM */,
				0B92C8221D708FEA00473D40 /* BF3B395F-06E6-331A-AECC-2F29E85316DE.bcsymbolmap */,
				0B92C8231D708FEA00473D40 /* ED4AFB8E-F121-3F57-903C-615AB780C78C.bcsymbolmap */,
				0B92C8241D708FEA00473D40 /* KeychainAccess.framework */,
				0B92C8251D708FEA00473D40 /* KeychainAccess.framework.dSYM */,
				0B92C8261D708FEA00473D40 /* Nimble.framework */,
				0B92C8271D708FEA00473D40 /* Nimble.framework.dSYM */,
				0B92C82A1D708FEA00473D40 /* Quick.framework */,
				0B92C82B1D708FEA00473D40 /* Quick.framework.dSYM */,
				0B92C82C1D708FEA00473D40 /* SwiftyJSON.framework */,
				0B92C82D1D708FEA00473D40 /* SwiftyJSON.framework.dSYM */,
			);
			path = iOS;
			sourceTree = "<group>";
		};
		0BD59B181D70942300ED92D2 /* Storyboard */ = {
			isa = PBXGroup;
			children = (
				0BD59B191D70942300ED92D2 /* LaunchScreen.storyboard */,
				0BD59B1B1D70942300ED92D2 /* Welcome.storyboard */,
				0BD59B1D1D70942300ED92D2 /* TimelineNavigationController.storyboard */,
				0B193BB01D70C5E900188F78 /* TimelineVC.storyboard */,
			);
			path = Storyboard;
			sourceTree = "<group>";
		};
		0BE43A2E1D70819C007AB85F = {
			isa = PBXGroup;
			children = (
				0B92C8171D708FEA00473D40 /* Carthage */,
				0BE43A391D70819C007AB85F /* i-nippo */,
				0BE43A4E1D70819C007AB85F /* i-nippoTests */,
				0BE43A591D70819C007AB85F /* i-nippoUITests */,
				0BE43A381D70819C007AB85F /* Products */,
			);
			sourceTree = "<group>";
		};
		0BE43A381D70819C007AB85F /* Products */ = {
			isa = PBXGroup;
			children = (
				0BE43A371D70819C007AB85F /* i-nippo.app */,
				0BE43A4B1D70819C007AB85F /* i-nippoTests.xctest */,
				0BE43A561D70819C007AB85F /* i-nippoUITests.xctest */,
			);
			name = Products;
			sourceTree = "<group>";
		};
		0BE43A391D70819C007AB85F /* i-nippo */ = {
			isa = PBXGroup;
			children = (
				0BE43A3A1D70819C007AB85F /* AppDelegate.swift */,
				0B57BF9A1D70937E00D77039 /* Common */,
				0B57BFA11D7093C800D77039 /* Presentation */,
				0BE43A411D70819C007AB85F /* Assets.xcassets */,
				0BE43A461D70819C007AB85F /* Info.plist */,
				0BD59B181D70942300ED92D2 /* Storyboard */,
			);
			path = "i-nippo";
			sourceTree = "<group>";
		};
		0BE43A4E1D70819C007AB85F /* i-nippoTests */ = {
			isa = PBXGroup;
			children = (
				0BE43A4F1D70819C007AB85F /* i_nippoTests.swift */,
				0BE43A511D70819C007AB85F /* Info.plist */,
			);
			path = "i-nippoTests";
			sourceTree = "<group>";
		};
		0BE43A591D70819C007AB85F /* i-nippoUITests */ = {
			isa = PBXGroup;
			children = (
				0BE43A5A1D70819C007AB85F /* i_nippoUITests.swift */,
				0BE43A5C1D70819C007AB85F /* Info.plist */,
			);
			path = "i-nippoUITests";
			sourceTree = "<group>";
		};
/* End PBXGroup section */

/* Begin PBXNativeTarget section */
		0BE43A361D70819C007AB85F /* i-nippo */ = {
			isa = PBXNativeTarget;
			buildConfigurationList = 0BE43A5F1D70819C007AB85F /* Build configuration list for PBXNativeTarget "i-nippo" */;
			buildPhases = (
				0BE43A331D70819C007AB85F /* Sources */,
				0BE43A341D70819C007AB85F /* Frameworks */,
				0BE43A351D70819C007AB85F /* Resources */,
				0B92CF0D1D70911E00473D40 /* copy-frameworks */,
			);
			buildRules = (
			);
			dependencies = (
			);
			name = "i-nippo";
			productName = "i-nippo";
			productReference = 0BE43A371D70819C007AB85F /* i-nippo.app */;
			productType = "com.apple.product-type.application";
		};
		0BE43A4A1D70819C007AB85F /* i-nippoTests */ = {
			isa = PBXNativeTarget;
			buildConfigurationList = 0BE43A621D70819C007AB85F /* Build configuration list for PBXNativeTarget "i-nippoTests" */;
			buildPhases = (
				0BE43A471D70819C007AB85F /* Sources */,
				0BE43A481D70819C007AB85F /* Frameworks */,
				0BE43A491D70819C007AB85F /* Resources */,
			);
			buildRules = (
			);
			dependencies = (
				0BE43A4D1D70819C007AB85F /* PBXTargetDependency */,
			);
			name = "i-nippoTests";
			productName = "i-nippoTests";
			productReference = 0BE43A4B1D70819C007AB85F /* i-nippoTests.xctest */;
			productType = "com.apple.product-type.bundle.unit-test";
		};
		0BE43A551D70819C007AB85F /* i-nippoUITests */ = {
			isa = PBXNativeTarget;
			buildConfigurationList = 0BE43A651D70819C007AB85F /* Build configuration list for PBXNativeTarget "i-nippoUITests" */;
			buildPhases = (
				0BE43A521D70819C007AB85F /* Sources */,
				0BE43A531D70819C007AB85F /* Frameworks */,
				0BE43A541D70819C007AB85F /* Resources */,
			);
			buildRules = (
			);
			dependencies = (
				0BE43A581D70819C007AB85F /* PBXTargetDependency */,
			);
			name = "i-nippoUITests";
			productName = "i-nippoUITests";
			productReference = 0BE43A561D70819C007AB85F /* i-nippoUITests.xctest */;
			productType = "com.apple.product-type.bundle.ui-testing";
		};
/* End PBXNativeTarget section */

/* Begin PBXProject section */
		0BE43A2F1D70819C007AB85F /* Project object */ = {
			isa = PBXProject;
			attributes = {
				LastSwiftUpdateCheck = 0730;
				LastUpgradeCheck = 0730;
				ORGANIZATIONNAME = hayato.iida;
				TargetAttributes = {
					0BE43A361D70819C007AB85F = {
						CreatedOnToolsVersion = 7.3.1;
					};
					0BE43A4A1D70819C007AB85F = {
						CreatedOnToolsVersion = 7.3.1;
						TestTargetID = 0BE43A361D70819C007AB85F;
					};
					0BE43A551D70819C007AB85F = {
						CreatedOnToolsVersion = 7.3.1;
						TestTargetID = 0BE43A361D70819C007AB85F;
					};
				};
			};
			buildConfigurationList = 0BE43A321D70819C007AB85F /* Build configuration list for PBXProject "i-nippo" */;
			compatibilityVersion = "Xcode 3.2";
			developmentRegion = English;
			hasScannedForEncodings = 0;
			knownRegions = (
				en,
				Base,
			);
			mainGroup = 0BE43A2E1D70819C007AB85F;
			productRefGroup = 0BE43A381D70819C007AB85F /* Products */;
			projectDirPath = "";
			projectRoot = "";
			targets = (
				0BE43A361D70819C007AB85F /* i-nippo */,
				0BE43A4A1D70819C007AB85F /* i-nippoTests */,
				0BE43A551D70819C007AB85F /* i-nippoUITests */,
			);
		};
/* End PBXProject section */

/* Begin PBXResourcesBuildPhase section */
		0BE43A351D70819C007AB85F /* Resources */ = {
			isa = PBXResourcesBuildPhase;
			buildActionMask = 2147483647;
			files = (
				0B92CBB21D708FEB00473D40 /* BF3B395F-06E6-331A-AECC-2F29E85316DE.bcsymbolmap in Resources */,
				0B92CBB51D708FEB00473D40 /* KeychainAccess.framework.dSYM in Resources */,
				0B9C47481D7C4BE400C384CE /* TimelineCell.xib in Resources */,
				0B92CBAF1D708FEB00473D40 /* A204F826-4E27-3065-AC3C-608753E0F9C0.bcsymbolmap in Resources */,
				0B92CBAA1D708FEB00473D40 /* 04F5B617-7FBA-3B0A-AD43-1301A59DD2AE.bcsymbolmap in Resources */,
				0B193BB21D70C75C00188F78 /* Welcome.storyboard in Resources */,
				0B9C47461D71DDD900C384CE /* OAuthSwift.framework.dSYM in Resources */,
				0B92CBAD1D708FEB00473D40 /* 6125595F-450D-3479-BE1E-19D2AA2D8128.bcsymbolmap in Resources */,
				0B193BB31D70C75F00188F78 /* LaunchScreen.storyboard in Resources */,
				0B92CBAB1D708FEB00473D40 /* 3C7A565B-CBCF-36E4-89DD-75C2FDAD5611.bcsymbolmap in Resources */,
				0B92CBBD1D708FEB00473D40 /* SwiftyJSON.framework.dSYM in Resources */,
				0BE43A421D70819C007AB85F /* Assets.xcassets in Resources */,
				0B92CBB11D708FEB00473D40 /* Alamofire.framework.dSYM in Resources */,
				0B92CBAC1D708FEB00473D40 /* 4F915BED-87F6-30E6-BD37-A7C0771BB9A7.bcsymbolmap in Resources */,
				0B92CBAE1D708FEB00473D40 /* 818242B1-B227-395C-8FBF-CF4FC9ADCE41.bcsymbolmap in Resources */,
				0BD59B201D70942300ED92D2 /* TimelineNavigationController.storyboard in Resources */,
				0B193BB11D70C5E900188F78 /* TimelineVC.storyboard in Resources */,
				0B92CBB31D708FEB00473D40 /* ED4AFB8E-F121-3F57-903C-615AB780C78C.bcsymbolmap in Resources */,
			);
			runOnlyForDeploymentPostprocessing = 0;
		};
		0BE43A491D70819C007AB85F /* Resources */ = {
			isa = PBXResourcesBuildPhase;
			buildActionMask = 2147483647;
			files = (
			);
			runOnlyForDeploymentPostprocessing = 0;
		};
		0BE43A541D70819C007AB85F /* Resources */ = {
			isa = PBXResourcesBuildPhase;
			buildActionMask = 2147483647;
			files = (
			);
			runOnlyForDeploymentPostprocessing = 0;
		};
/* End PBXResourcesBuildPhase section */

/* Begin PBXShellScriptBuildPhase section */
		0B92CF0D1D70911E00473D40 /* copy-frameworks */ = {
			isa = PBXShellScriptBuildPhase;
			buildActionMask = 2147483647;
			files = (
			);
			inputPaths = (
				"$(SRCROOT)/Carthage/Build/iOS/Alamofire.framework",
				"$(SRCROOT)/Carthage/Build/iOS/KeychainAccess.framework",
				"$(SRCROOT)/Carthage/Build/iOS/OAuthSwift.framework",
				"$(SRCROOT)/Carthage/Build/iOS/SwiftyJSON.framework",
			);
			name = "copy-frameworks";
			outputPaths = (
			);
			runOnlyForDeploymentPostprocessing = 0;
			shellPath = /bin/sh;
			shellScript = "/usr/local/bin/carthage copy-frameworks";
		};
/* End PBXShellScriptBuildPhase section */

/* Begin PBXSourcesBuildPhase section */
		0BE43A331D70819C007AB85F /* Sources */ = {
			isa = PBXSourcesBuildPhase;
			buildActionMask = 2147483647;
			files = (
				0B57BF9F1D70937E00D77039 /* BaseApi.swift in Sources */,
				0BE43A3B1D70819C007AB85F /* AppDelegate.swift in Sources */,
				0B57BFA01D70937E00D77039 /* NipposApi.swift in Sources */,
				0BD59B221D70BF3E00ED92D2 /* TimelineNavigationController.swift in Sources */,
				0B57BF9E1D70937E00D77039 /* Auth.swift in Sources */,
				0B193BAE1D70C57100188F78 /* ViewController+Storyboard.swift in Sources */,
				0B9C474A1D7C4C4300C384CE /* TimelineCell.swift in Sources */,
				0B57BFA91D7093C800D77039 /* TimelineVC.swift in Sources */,
				0B57BFAB1D7093C800D77039 /* WelcomeVC.swift in Sources */,
			);
			runOnlyForDeploymentPostprocessing = 0;
		};
		0BE43A471D70819C007AB85F /* Sources */ = {
			isa = PBXSourcesBuildPhase;
			buildActionMask = 2147483647;
			files = (
				0BE43A501D70819C007AB85F /* i_nippoTests.swift in Sources */,
			);
			runOnlyForDeploymentPostprocessing = 0;
		};
		0BE43A521D70819C007AB85F /* Sources */ = {
			isa = PBXSourcesBuildPhase;
			buildActionMask = 2147483647;
			files = (
				0BE43A5B1D70819C007AB85F /* i_nippoUITests.swift in Sources */,
			);
			runOnlyForDeploymentPostprocessing = 0;
		};
/* End PBXSourcesBuildPhase section */

/* Begin PBXTargetDependency section */
		0BE43A4D1D70819C007AB85F /* PBXTargetDependency */ = {
			isa = PBXTargetDependency;
			target = 0BE43A361D70819C007AB85F /* i-nippo */;
			targetProxy = 0BE43A4C1D70819C007AB85F /* PBXContainerItemProxy */;
		};
		0BE43A581D70819C007AB85F /* PBXTargetDependency */ = {
			isa = PBXTargetDependency;
			target = 0BE43A361D70819C007AB85F /* i-nippo */;
			targetProxy = 0BE43A571D70819C007AB85F /* PBXContainerItemProxy */;
		};
/* End PBXTargetDependency section */

/* Begin PBXVariantGroup section */
		0BD59B191D70942300ED92D2 /* LaunchScreen.storyboard */ = {
			isa = PBXVariantGroup;
			children = (
				0BD59B1A1D70942300ED92D2 /* Base */,
			);
			name = LaunchScreen.storyboard;
			sourceTree = "<group>";
		};
		0BD59B1B1D70942300ED92D2 /* Welcome.storyboard */ = {
			isa = PBXVariantGroup;
			children = (
				0BD59B1C1D70942300ED92D2 /* Base */,
			);
			name = Welcome.storyboard;
			sourceTree = "<group>";
		};
/* End PBXVariantGroup section */

/* Begin XCBuildConfiguration section */
		0BE43A5D1D70819C007AB85F /* Debug */ = {
			isa = XCBuildConfiguration;
			buildSettings = {
				ALWAYS_SEARCH_USER_PATHS = NO;
				CLANG_ANALYZER_NONNULL = YES;
				CLANG_CXX_LANGUAGE_STANDARD = "gnu++0x";
				CLANG_CXX_LIBRARY = "libc++";
				CLANG_ENABLE_MODULES = YES;
				CLANG_ENABLE_OBJC_ARC = YES;
				CLANG_WARN_BOOL_CONVERSION = YES;
				CLANG_WARN_CONSTANT_CONVERSION = YES;
				CLANG_WARN_DIRECT_OBJC_ISA_USAGE = YES_ERROR;
				CLANG_WARN_EMPTY_BODY = YES;
				CLANG_WARN_ENUM_CONVERSION = YES;
				CLANG_WARN_INT_CONVERSION = YES;
				CLANG_WARN_OBJC_ROOT_CLASS = YES_ERROR;
				CLANG_WARN_UNREACHABLE_CODE = YES;
				CLANG_WARN__DUPLICATE_METHOD_MATCH = YES;
				"CODE_SIGN_IDENTITY[sdk=iphoneos*]" = "iPhone Developer";
				COPY_PHASE_STRIP = NO;
				DEBUG_INFORMATION_FORMAT = dwarf;
				ENABLE_STRICT_OBJC_MSGSEND = YES;
				ENABLE_TESTABILITY = YES;
				GCC_C_LANGUAGE_STANDARD = gnu99;
				GCC_DYNAMIC_NO_PIC = NO;
				GCC_NO_COMMON_BLOCKS = YES;
				GCC_OPTIMIZATION_LEVEL = 0;
				GCC_PREPROCESSOR_DEFINITIONS = (
					"DEBUG=1",
					"$(inherited)",
				);
				GCC_WARN_64_TO_32_BIT_CONVERSION = YES;
				GCC_WARN_ABOUT_RETURN_TYPE = YES_ERROR;
				GCC_WARN_UNDECLARED_SELECTOR = YES;
				GCC_WARN_UNINITIALIZED_AUTOS = YES_AGGRESSIVE;
				GCC_WARN_UNUSED_FUNCTION = YES;
				GCC_WARN_UNUSED_VARIABLE = YES;
				IPHONEOS_DEPLOYMENT_TARGET = 9.3;
				MTL_ENABLE_DEBUG_INFO = YES;
				ONLY_ACTIVE_ARCH = YES;
				SDKROOT = iphoneos;
				SWIFT_OPTIMIZATION_LEVEL = "-Onone";
				TARGETED_DEVICE_FAMILY = "1,2";
			};
			name = Debug;
		};
		0BE43A5E1D70819C007AB85F /* Release */ = {
			isa = XCBuildConfiguration;
			buildSettings = {
				ALWAYS_SEARCH_USER_PATHS = NO;
				CLANG_ANALYZER_NONNULL = YES;
				CLANG_CXX_LANGUAGE_STANDARD = "gnu++0x";
				CLANG_CXX_LIBRARY = "libc++";
				CLANG_ENABLE_MODULES = YES;
				CLANG_ENABLE_OBJC_ARC = YES;
				CLANG_WARN_BOOL_CONVERSION = YES;
				CLANG_WARN_CONSTANT_CONVERSION = YES;
				CLANG_WARN_DIRECT_OBJC_ISA_USAGE = YES_ERROR;
				CLANG_WARN_EMPTY_BODY = YES;
				CLANG_WARN_ENUM_CONVERSION = YES;
				CLANG_WARN_INT_CONVERSION = YES;
				CLANG_WARN_OBJC_ROOT_CLASS = YES_ERROR;
				CLANG_WARN_UNREACHABLE_CODE = YES;
				CLANG_WARN__DUPLICATE_METHOD_MATCH = YES;
				"CODE_SIGN_IDENTITY[sdk=iphoneos*]" = "iPhone Developer";
				COPY_PHASE_STRIP = NO;
				DEBUG_INFORMATION_FORMAT = "dwarf-with-dsym";
				ENABLE_NS_ASSERTIONS = NO;
				ENABLE_STRICT_OBJC_MSGSEND = YES;
				GCC_C_LANGUAGE_STANDARD = gnu99;
				GCC_NO_COMMON_BLOCKS = YES;
				GCC_WARN_64_TO_32_BIT_CONVERSION = YES;
				GCC_WARN_ABOUT_RETURN_TYPE = YES_ERROR;
				GCC_WARN_UNDECLARED_SELECTOR = YES;
				GCC_WARN_UNINITIALIZED_AUTOS = YES_AGGRESSIVE;
				GCC_WARN_UNUSED_FUNCTION = YES;
				GCC_WARN_UNUSED_VARIABLE = YES;
				IPHONEOS_DEPLOYMENT_TARGET = 9.3;
				MTL_ENABLE_DEBUG_INFO = NO;
				SDKROOT = iphoneos;
				TARGETED_DEVICE_FAMILY = "1,2";
				VALIDATE_PRODUCT = YES;
			};
			name = Release;
		};
		0BE43A601D70819C007AB85F /* Debug */ = {
			isa = XCBuildConfiguration;
			buildSettings = {
				ASSETCATALOG_COMPILER_APPICON_NAME = AppIcon;
				FRAMEWORK_SEARCH_PATHS = (
					"$(inherited)",
					"$(PROJECT_DIR)/Carthage/Build/iOS",
					"$(PROJECT_DIR)/Carthage/Build/Mac",
					"$(PROJECT_DIR)/Carthage/Build/tvOS",
					"$(PROJECT_DIR)/Carthage/Build/watchOS",
					"$(PROJECT_DIR)/Carthage/Checkouts/Alamofire/Carthage/Build/iOS",
					"$(PROJECT_DIR)/Carthage/Checkouts/Alamofire/Carthage/Build/Mac",
					"$(PROJECT_DIR)/Carthage/Checkouts/Alamofire/Carthage/Build/tvOS",
					"$(PROJECT_DIR)/Carthage/Checkouts/Alamofire/Carthage/Build/watchOS",
					"$(PROJECT_DIR)/Carthage/Checkouts/Nimble/Carthage/Build/iOS",
					"$(PROJECT_DIR)/Carthage/Checkouts/Nimble/Carthage/Build/Mac",
					"$(PROJECT_DIR)/Carthage/Checkouts/Nimble/Carthage/Build/tvOS",
					"$(PROJECT_DIR)/Carthage/Checkouts/Nimble/Carthage/Build/watchOS",
					"$(PROJECT_DIR)/Carthage/Checkouts/OAuth2/Carthage/Build/iOS",
					"$(PROJECT_DIR)/Carthage/Checkouts/OAuth2/Carthage/Build/Mac",
					"$(PROJECT_DIR)/Carthage/Checkouts/OAuth2/Carthage/Build/tvOS",
					"$(PROJECT_DIR)/Carthage/Checkouts/OAuth2/Carthage/Build/watchOS",
					"$(PROJECT_DIR)/Carthage/Checkouts/Quick/Carthage/Build/iOS",
					"$(PROJECT_DIR)/Carthage/Checkouts/Quick/Carthage/Build/Mac",
					"$(PROJECT_DIR)/Carthage/Checkouts/Quick/Carthage/Build/tvOS",
					"$(PROJECT_DIR)/Carthage/Checkouts/Quick/Carthage/Build/watchOS",
					"$(PROJECT_DIR)/Carthage/Checkouts/SwiftyJSON/Carthage/Build/iOS",
					"$(PROJECT_DIR)/Carthage/Checkouts/SwiftyJSON/Carthage/Build/Mac",
					"$(PROJECT_DIR)/Carthage/Checkouts/SwiftyJSON/Carthage/Build/tvOS",
					"$(PROJECT_DIR)/Carthage/Checkouts/SwiftyJSON/Carthage/Build/watchOS",
				);
				INFOPLIST_FILE = "i-nippo/Info.plist";
				LD_RUNPATH_SEARCH_PATHS = "$(inherited) @executable_path/Frameworks";
				PRODUCT_BUNDLE_IDENTIFIER = "hi.i-nippo";
				PRODUCT_NAME = "$(TARGET_NAME)";
			};
			name = Debug;
		};
		0BE43A611D70819C007AB85F /* Release */ = {
			isa = XCBuildConfiguration;
			buildSettings = {
				ASSETCATALOG_COMPILER_APPICON_NAME = AppIcon;
				FRAMEWORK_SEARCH_PATHS = (
					"$(inherited)",
					"$(PROJECT_DIR)/Carthage/Build/iOS",
					"$(PROJECT_DIR)/Carthage/Build/Mac",
					"$(PROJECT_DIR)/Carthage/Build/tvOS",
					"$(PROJECT_DIR)/Carthage/Build/watchOS",
					"$(PROJECT_DIR)/Carthage/Checkouts/Alamofire/Carthage/Build/iOS",
					"$(PROJECT_DIR)/Carthage/Checkouts/Alamofire/Carthage/Build/Mac",
					"$(PROJECT_DIR)/Carthage/Checkouts/Alamofire/Carthage/Build/tvOS",
					"$(PROJECT_DIR)/Carthage/Checkouts/Alamofire/Carthage/Build/watchOS",
					"$(PROJECT_DIR)/Carthage/Checkouts/Nimble/Carthage/Build/iOS",
					"$(PROJECT_DIR)/Carthage/Checkouts/Nimble/Carthage/Build/Mac",
					"$(PROJECT_DIR)/Carthage/Checkouts/Nimble/Carthage/Build/tvOS",
					"$(PROJECT_DIR)/Carthage/Checkouts/Nimble/Carthage/Build/watchOS",
					"$(PROJECT_DIR)/Carthage/Checkouts/OAuth2/Carthage/Build/iOS",
					"$(PROJECT_DIR)/Carthage/Checkouts/OAuth2/Carthage/Build/Mac",
					"$(PROJECT_DIR)/Carthage/Checkouts/OAuth2/Carthage/Build/tvOS",
					"$(PROJECT_DIR)/Carthage/Checkouts/OAuth2/Carthage/Build/watchOS",
					"$(PROJECT_DIR)/Carthage/Checkouts/Quick/Carthage/Build/iOS",
					"$(PROJECT_DIR)/Carthage/Checkouts/Quick/Carthage/Build/Mac",
					"$(PROJECT_DIR)/Carthage/Checkouts/Quick/Carthage/Build/tvOS",
					"$(PROJECT_DIR)/Carthage/Checkouts/Quick/Carthage/Build/watchOS",
					"$(PROJECT_DIR)/Carthage/Checkouts/SwiftyJSON/Carthage/Build/iOS",
					"$(PROJECT_DIR)/Carthage/Checkouts/SwiftyJSON/Carthage/Build/Mac",
					"$(PROJECT_DIR)/Carthage/Checkouts/SwiftyJSON/Carthage/Build/tvOS",
					"$(PROJECT_DIR)/Carthage/Checkouts/SwiftyJSON/Carthage/Build/watchOS",
				);
				INFOPLIST_FILE = "i-nippo/Info.plist";
				LD_RUNPATH_SEARCH_PATHS = "$(inherited) @executable_path/Frameworks";
				PRODUCT_BUNDLE_IDENTIFIER = "hi.i-nippo";
				PRODUCT_NAME = "$(TARGET_NAME)";
			};
			name = Release;
		};
		0BE43A631D70819C007AB85F /* Debug */ = {
			isa = XCBuildConfiguration;
			buildSettings = {
				BUNDLE_LOADER = "$(TEST_HOST)";
				INFOPLIST_FILE = "i-nippoTests/Info.plist";
				LD_RUNPATH_SEARCH_PATHS = "$(inherited) @executable_path/Frameworks @loader_path/Frameworks";
				PRODUCT_BUNDLE_IDENTIFIER = "hi.i-nippoTests";
				PRODUCT_NAME = "$(TARGET_NAME)";
				TEST_HOST = "$(BUILT_PRODUCTS_DIR)/i-nippo.app/i-nippo";
			};
			name = Debug;
		};
		0BE43A641D70819C007AB85F /* Release */ = {
			isa = XCBuildConfiguration;
			buildSettings = {
				BUNDLE_LOADER = "$(TEST_HOST)";
				INFOPLIST_FILE = "i-nippoTests/Info.plist";
				LD_RUNPATH_SEARCH_PATHS = "$(inherited) @executable_path/Frameworks @loader_path/Frameworks";
				PRODUCT_BUNDLE_IDENTIFIER = "hi.i-nippoTests";
				PRODUCT_NAME = "$(TARGET_NAME)";
				TEST_HOST = "$(BUILT_PRODUCTS_DIR)/i-nippo.app/i-nippo";
			};
			name = Release;
		};
		0BE43A661D70819C007AB85F /* Debug */ = {
			isa = XCBuildConfiguration;
			buildSettings = {
				INFOPLIST_FILE = "i-nippoUITests/Info.plist";
				LD_RUNPATH_SEARCH_PATHS = "$(inherited) @executable_path/Frameworks @loader_path/Frameworks";
				PRODUCT_BUNDLE_IDENTIFIER = "hi.i-nippoUITests";
				PRODUCT_NAME = "$(TARGET_NAME)";
				TEST_TARGET_NAME = "i-nippo";
			};
			name = Debug;
		};
		0BE43A671D70819C007AB85F /* Release */ = {
			isa = XCBuildConfiguration;
			buildSettings = {
				INFOPLIST_FILE = "i-nippoUITests/Info.plist";
				LD_RUNPATH_SEARCH_PATHS = "$(inherited) @executable_path/Frameworks @loader_path/Frameworks";
				PRODUCT_BUNDLE_IDENTIFIER = "hi.i-nippoUITests";
				PRODUCT_NAME = "$(TARGET_NAME)";
				TEST_TARGET_NAME = "i-nippo";
			};
			name = Release;
		};
/* End XCBuildConfiguration section */

/* Begin XCConfigurationList section */
		0BE43A321D70819C007AB85F /* Build configuration list for PBXProject "i-nippo" */ = {
			isa = XCConfigurationList;
			buildConfigurations = (
				0BE43A5D1D70819C007AB85F /* Debug */,
				0BE43A5E1D70819C007AB85F /* Release */,
			);
			defaultConfigurationIsVisible = 0;
			defaultConfigurationName = Release;
		};
		0BE43A5F1D70819C007AB85F /* Build configuration list for PBXNativeTarget "i-nippo" */ = {
			isa = XCConfigurationList;
			buildConfigurations = (
				0BE43A601D70819C007AB85F /* Debug */,
				0BE43A611D70819C007AB85F /* Release */,
			);
			defaultConfigurationIsVisible = 0;
			defaultConfigurationName = Release;
		};
		0BE43A621D70819C007AB85F /* Build configuration list for PBXNativeTarget "i-nippoTests" */ = {
			isa = XCConfigurationList;
			buildConfigurations = (
				0BE43A631D70819C007AB85F /* Debug */,
				0BE43A641D70819C007AB85F /* Release */,
			);
			defaultConfigurationIsVisible = 0;
			defaultConfigurationName = Release;
		};
		0BE43A651D70819C007AB85F /* Build configuration list for PBXNativeTarget "i-nippoUITests" */ = {
			isa = XCConfigurationList;
			buildConfigurations = (
				0BE43A661D70819C007AB85F /* Debug */,
				0BE43A671D70819C007AB85F /* Release */,
			);
			defaultConfigurationIsVisible = 0;
			defaultConfigurationName = Release;
		};
/* End XCConfigurationList section */
	};
	rootObject = 0BE43A2F1D70819C007AB85F /* Project object */;
}
