<?xml version="1.0" encoding="UTF-8"?>
<!DOCTYPE plist PUBLIC "-//Apple//DTD PLIST 1.0//EN" "http://www.apple.com/DTDs/PropertyList-1.0.dtd">
<plist version="1.0">
<dict>
	<key>archiveVersion</key>
	<string>1</string>
	<key>classes</key>
	<dict/>
	<key>objectVersion</key>
	<string>46</string>
	<key>objects</key>
	<dict>
		<key>0B193BAD1D70C57100188F78</key>
		<dict>
			<key>fileEncoding</key>
			<string>4</string>
			<key>isa</key>
			<string>PBXFileReference</string>
			<key>lastKnownFileType</key>
			<string>sourcecode.swift</string>
			<key>path</key>
			<string>ViewController+Storyboard.swift</string>
			<key>sourceTree</key>
			<string>&lt;group&gt;</string>
		</dict>
		<key>0B193BAE1D70C57100188F78</key>
		<dict>
			<key>fileRef</key>
			<string>0B193BAD1D70C57100188F78</string>
			<key>isa</key>
			<string>PBXBuildFile</string>
		</dict>
		<key>0B193BAF1D70C57D00188F78</key>
		<dict>
			<key>children</key>
			<array>
				<string>0B193BAD1D70C57100188F78</string>
			</array>
			<key>isa</key>
			<string>PBXGroup</string>
			<key>path</key>
			<string>Common</string>
			<key>sourceTree</key>
			<string>&lt;group&gt;</string>
		</dict>
		<key>0B193BB01D70C5E900188F78</key>
		<dict>
			<key>fileEncoding</key>
			<string>4</string>
			<key>isa</key>
			<string>PBXFileReference</string>
			<key>lastKnownFileType</key>
			<string>file.storyboard</string>
			<key>path</key>
			<string>TimelineVC.storyboard</string>
			<key>sourceTree</key>
			<string>&lt;group&gt;</string>
		</dict>
		<key>0B193BB11D70C5E900188F78</key>
		<dict>
			<key>fileRef</key>
			<string>0B193BB01D70C5E900188F78</string>
			<key>isa</key>
			<string>PBXBuildFile</string>
		</dict>
		<key>0B193BB21D70C75C00188F78</key>
		<dict>
			<key>fileRef</key>
			<string>0BD59B1B1D70942300ED92D2</string>
			<key>isa</key>
			<string>PBXBuildFile</string>
		</dict>
		<key>0B193BB31D70C75F00188F78</key>
		<dict>
			<key>fileRef</key>
			<string>0BD59B191D70942300ED92D2</string>
			<key>isa</key>
			<string>PBXBuildFile</string>
		</dict>
		<key>0B420ECC1DB60074005E866B</key>
		<dict>
			<key>isa</key>
			<string>PBXFileReference</string>
			<key>lastKnownFileType</key>
			<string>wrapper.framework</string>
			<key>path</key>
			<string>RxBlocking.framework</string>
			<key>sourceTree</key>
			<string>&lt;group&gt;</string>
		</dict>
		<key>0B420ECD1DB60074005E866B</key>
		<dict>
			<key>isa</key>
			<string>PBXFileReference</string>
			<key>lastKnownFileType</key>
			<string>wrapper.dsym</string>
			<key>path</key>
			<string>RxBlocking.framework.dSYM</string>
			<key>sourceTree</key>
			<string>&lt;group&gt;</string>
		</dict>
		<key>0B420ECE1DB60074005E866B</key>
		<dict>
			<key>isa</key>
			<string>PBXFileReference</string>
			<key>lastKnownFileType</key>
			<string>wrapper.framework</string>
			<key>path</key>
			<string>RxCocoa.framework</string>
			<key>sourceTree</key>
			<string>&lt;group&gt;</string>
		</dict>
		<key>0B420ECF1DB60074005E866B</key>
		<dict>
			<key>isa</key>
			<string>PBXFileReference</string>
			<key>lastKnownFileType</key>
			<string>wrapper.dsym</string>
			<key>path</key>
			<string>RxCocoa.framework.dSYM</string>
			<key>sourceTree</key>
			<string>&lt;group&gt;</string>
		</dict>
		<key>0B420ED01DB60074005E866B</key>
		<dict>
			<key>isa</key>
			<string>PBXFileReference</string>
			<key>lastKnownFileType</key>
			<string>wrapper.framework</string>
			<key>path</key>
			<string>RxSwift.framework</string>
			<key>sourceTree</key>
			<string>&lt;group&gt;</string>
		</dict>
		<key>0B420ED11DB60074005E866B</key>
		<dict>
			<key>isa</key>
			<string>PBXFileReference</string>
			<key>lastKnownFileType</key>
			<string>wrapper.dsym</string>
			<key>path</key>
			<string>RxSwift.framework.dSYM</string>
			<key>sourceTree</key>
			<string>&lt;group&gt;</string>
		</dict>
		<key>0B420ED21DB60074005E866B</key>
		<dict>
			<key>isa</key>
			<string>PBXFileReference</string>
			<key>lastKnownFileType</key>
			<string>wrapper.framework</string>
			<key>path</key>
			<string>RxTests.framework</string>
			<key>sourceTree</key>
			<string>&lt;group&gt;</string>
		</dict>
		<key>0B420ED31DB60074005E866B</key>
		<dict>
			<key>isa</key>
			<string>PBXFileReference</string>
			<key>lastKnownFileType</key>
			<string>wrapper.dsym</string>
			<key>path</key>
			<string>RxTests.framework.dSYM</string>
			<key>sourceTree</key>
			<string>&lt;group&gt;</string>
		</dict>
		<key>0B420ED41DB60074005E866B</key>
		<dict>
			<key>fileRef</key>
			<string>0B420ECC1DB60074005E866B</string>
			<key>isa</key>
			<string>PBXBuildFile</string>
		</dict>
		<key>0B420ED51DB60074005E866B</key>
		<dict>
			<key>fileRef</key>
			<string>0B420ECD1DB60074005E866B</string>
			<key>isa</key>
			<string>PBXBuildFile</string>
		</dict>
		<key>0B420ED61DB60074005E866B</key>
		<dict>
			<key>fileRef</key>
			<string>0B420ECE1DB60074005E866B</string>
			<key>isa</key>
			<string>PBXBuildFile</string>
		</dict>
		<key>0B420ED71DB60074005E866B</key>
		<dict>
			<key>fileRef</key>
			<string>0B420ECF1DB60074005E866B</string>
			<key>isa</key>
			<string>PBXBuildFile</string>
		</dict>
		<key>0B420ED81DB60074005E866B</key>
		<dict>
			<key>fileRef</key>
			<string>0B420ED01DB60074005E866B</string>
			<key>isa</key>
			<string>PBXBuildFile</string>
		</dict>
		<key>0B420ED91DB60074005E866B</key>
		<dict>
			<key>fileRef</key>
			<string>0B420ED11DB60074005E866B</string>
			<key>isa</key>
			<string>PBXBuildFile</string>
		</dict>
		<key>0B420EDA1DB60074005E866B</key>
		<dict>
			<key>fileRef</key>
			<string>0B420ED21DB60074005E866B</string>
			<key>isa</key>
			<string>PBXBuildFile</string>
		</dict>
		<key>0B420EDB1DB60074005E866B</key>
		<dict>
			<key>fileRef</key>
			<string>0B420ED31DB60074005E866B</string>
			<key>isa</key>
			<string>PBXBuildFile</string>
		</dict>
		<key>0B57BF9A1D70937E00D77039</key>
		<dict>
			<key>children</key>
			<array>
				<string>0B57BF9B1D70937E00D77039</string>
				<string>0B57BF9C1D70937E00D77039</string>
				<string>0B57BF9D1D70937E00D77039</string>
			</array>
			<key>isa</key>
			<string>PBXGroup</string>
			<key>path</key>
			<string>Common</string>
			<key>sourceTree</key>
			<string>&lt;group&gt;</string>
		</dict>
		<key>0B57BF9B1D70937E00D77039</key>
		<dict>
			<key>fileEncoding</key>
			<string>4</string>
			<key>isa</key>
			<string>PBXFileReference</string>
			<key>lastKnownFileType</key>
			<string>sourcecode.swift</string>
			<key>path</key>
			<string>Auth.swift</string>
			<key>sourceTree</key>
			<string>&lt;group&gt;</string>
		</dict>
		<key>0B57BF9C1D70937E00D77039</key>
		<dict>
			<key>fileEncoding</key>
			<string>4</string>
			<key>isa</key>
			<string>PBXFileReference</string>
			<key>lastKnownFileType</key>
			<string>sourcecode.swift</string>
			<key>path</key>
			<string>BaseApi.swift</string>
			<key>sourceTree</key>
			<string>&lt;group&gt;</string>
		</dict>
		<key>0B57BF9D1D70937E00D77039</key>
		<dict>
			<key>fileEncoding</key>
			<string>4</string>
			<key>isa</key>
			<string>PBXFileReference</string>
			<key>lastKnownFileType</key>
			<string>sourcecode.swift</string>
			<key>path</key>
			<string>NipposApi.swift</string>
			<key>sourceTree</key>
			<string>&lt;group&gt;</string>
		</dict>
		<key>0B57BF9E1D70937E00D77039</key>
		<dict>
			<key>fileRef</key>
			<string>0B57BF9B1D70937E00D77039</string>
			<key>isa</key>
			<string>PBXBuildFile</string>
		</dict>
		<key>0B57BF9F1D70937E00D77039</key>
		<dict>
			<key>fileRef</key>
			<string>0B57BF9C1D70937E00D77039</string>
			<key>isa</key>
			<string>PBXBuildFile</string>
		</dict>
		<key>0B57BFA01D70937E00D77039</key>
		<dict>
			<key>fileRef</key>
			<string>0B57BF9D1D70937E00D77039</string>
			<key>isa</key>
			<string>PBXBuildFile</string>
		</dict>
		<key>0B57BFA11D7093C800D77039</key>
		<dict>
			<key>children</key>
			<array>
				<string>0B193BAF1D70C57D00188F78</string>
				<string>0BF316B21D9BFB7F00A0BF90</string>
				<string>0BF316B41D9BFC1800A0BF90</string>
				<string>0B9C47491D7C4C4300C384CE</string>
				<string>0B9C47471D7C4BE400C384CE</string>
				<string>0BD59B211D70BF3E00ED92D2</string>
				<string>0B57BFA41D7093C800D77039</string>
				<string>0B57BFA61D7093C800D77039</string>
			</array>
			<key>isa</key>
			<string>PBXGroup</string>
			<key>path</key>
			<string>Presentation</string>
			<key>sourceTree</key>
			<string>&lt;group&gt;</string>
		</dict>
		<key>0B57BFA41D7093C800D77039</key>
		<dict>
			<key>fileEncoding</key>
			<string>4</string>
			<key>isa</key>
			<string>PBXFileReference</string>
			<key>lastKnownFileType</key>
			<string>sourcecode.swift</string>
			<key>path</key>
			<string>TimelineVC.swift</string>
			<key>sourceTree</key>
			<string>&lt;group&gt;</string>
		</dict>
		<key>0B57BFA61D7093C800D77039</key>
		<dict>
			<key>fileEncoding</key>
			<string>4</string>
			<key>isa</key>
			<string>PBXFileReference</string>
			<key>lastKnownFileType</key>
			<string>sourcecode.swift</string>
			<key>path</key>
			<string>WelcomeVC.swift</string>
			<key>sourceTree</key>
			<string>&lt;group&gt;</string>
		</dict>
		<key>0B57BFA91D7093C800D77039</key>
		<dict>
			<key>fileRef</key>
			<string>0B57BFA41D7093C800D77039</string>
			<key>isa</key>
			<string>PBXBuildFile</string>
		</dict>
		<key>0B57BFAB1D7093C800D77039</key>
		<dict>
			<key>fileRef</key>
			<string>0B57BFA61D7093C800D77039</string>
			<key>isa</key>
			<string>PBXBuildFile</string>
		</dict>
		<key>0B92C8171D708FEA00473D40</key>
		<dict>
			<key>children</key>
			<array>
				<string>0B92C8181D708FEA00473D40</string>
			</array>
			<key>isa</key>
			<string>PBXGroup</string>
			<key>path</key>
			<string>Carthage</string>
			<key>sourceTree</key>
			<string>&lt;group&gt;</string>
		</dict>
		<key>0B92C8181D708FEA00473D40</key>
		<dict>
			<key>children</key>
			<array>
				<string>0B92C8191D708FEA00473D40</string>
			</array>
			<key>isa</key>
			<string>PBXGroup</string>
			<key>path</key>
			<string>Build</string>
			<key>sourceTree</key>
			<string>&lt;group&gt;</string>
		</dict>
		<key>0B92C8191D708FEA00473D40</key>
		<dict>
			<key>children</key>
			<array>
				<string>0B92C8201D708FEA00473D40</string>
				<string>0B92C8211D708FEA00473D40</string>
				<string>0B92C8241D708FEA00473D40</string>
				<string>0B92C8251D708FEA00473D40</string>
				<string>0B92C8261D708FEA00473D40</string>
				<string>0B92C8271D708FEA00473D40</string>
				<string>0B9C47431D71DDD900C384CE</string>
				<string>0B9C47441D71DDD900C384CE</string>
				<string>0B92C82A1D708FEA00473D40</string>
				<string>0B92C82B1D708FEA00473D40</string>
				<string>0B420ECC1DB60074005E866B</string>
				<string>0B420ECD1DB60074005E866B</string>
				<string>0B420ECE1DB60074005E866B</string>
				<string>0B420ECF1DB60074005E866B</string>
				<string>0B420ED01DB60074005E866B</string>
				<string>0B420ED11DB60074005E866B</string>
				<string>0B420ED21DB60074005E866B</string>
				<string>0B420ED31DB60074005E866B</string>
				<string>0B92C82C1D708FEA00473D40</string>
				<string>0B92C82D1D708FEA00473D40</string>
			</array>
			<key>isa</key>
			<string>PBXGroup</string>
			<key>path</key>
			<string>iOS</string>
			<key>sourceTree</key>
			<string>&lt;group&gt;</string>
		</dict>
		<key>0B92C8201D708FEA00473D40</key>
		<dict>
			<key>isa</key>
			<string>PBXFileReference</string>
			<key>lastKnownFileType</key>
			<string>wrapper.framework</string>
			<key>path</key>
			<string>Alamofire.framework</string>
			<key>sourceTree</key>
			<string>&lt;group&gt;</string>
		</dict>
		<key>0B92C8211D708FEA00473D40</key>
		<dict>
			<key>isa</key>
			<string>PBXFileReference</string>
			<key>lastKnownFileType</key>
			<string>wrapper.dsym</string>
			<key>path</key>
			<string>Alamofire.framework.dSYM</string>
			<key>sourceTree</key>
			<string>&lt;group&gt;</string>
		</dict>
		<key>0B92C8241D708FEA00473D40</key>
		<dict>
			<key>isa</key>
			<string>PBXFileReference</string>
			<key>lastKnownFileType</key>
			<string>wrapper.framework</string>
			<key>path</key>
			<string>KeychainAccess.framework</string>
			<key>sourceTree</key>
			<string>&lt;group&gt;</string>
		</dict>
		<key>0B92C8251D708FEA00473D40</key>
		<dict>
			<key>isa</key>
			<string>PBXFileReference</string>
			<key>lastKnownFileType</key>
			<string>wrapper.dsym</string>
			<key>path</key>
			<string>KeychainAccess.framework.dSYM</string>
			<key>sourceTree</key>
			<string>&lt;group&gt;</string>
		</dict>
		<key>0B92C8261D708FEA00473D40</key>
		<dict>
			<key>isa</key>
			<string>PBXFileReference</string>
			<key>lastKnownFileType</key>
			<string>wrapper.framework</string>
			<key>path</key>
			<string>Nimble.framework</string>
			<key>sourceTree</key>
			<string>&lt;group&gt;</string>
		</dict>
		<key>0B92C8271D708FEA00473D40</key>
		<dict>
			<key>isa</key>
			<string>PBXFileReference</string>
			<key>lastKnownFileType</key>
			<string>wrapper.dsym</string>
			<key>path</key>
			<string>Nimble.framework.dSYM</string>
			<key>sourceTree</key>
			<string>&lt;group&gt;</string>
		</dict>
		<key>0B92C82A1D708FEA00473D40</key>
		<dict>
			<key>isa</key>
			<string>PBXFileReference</string>
			<key>lastKnownFileType</key>
			<string>wrapper.framework</string>
			<key>path</key>
			<string>Quick.framework</string>
			<key>sourceTree</key>
			<string>&lt;group&gt;</string>
		</dict>
		<key>0B92C82B1D708FEA00473D40</key>
		<dict>
			<key>isa</key>
			<string>PBXFileReference</string>
			<key>lastKnownFileType</key>
			<string>wrapper.dsym</string>
			<key>path</key>
			<string>Quick.framework.dSYM</string>
			<key>sourceTree</key>
			<string>&lt;group&gt;</string>
		</dict>
		<key>0B92C82C1D708FEA00473D40</key>
		<dict>
			<key>isa</key>
			<string>PBXFileReference</string>
			<key>lastKnownFileType</key>
			<string>wrapper.framework</string>
			<key>path</key>
			<string>SwiftyJSON.framework</string>
			<key>sourceTree</key>
			<string>&lt;group&gt;</string>
		</dict>
		<key>0B92C82D1D708FEA00473D40</key>
		<dict>
			<key>isa</key>
			<string>PBXFileReference</string>
			<key>lastKnownFileType</key>
			<string>wrapper.dsym</string>
			<key>path</key>
			<string>SwiftyJSON.framework.dSYM</string>
			<key>sourceTree</key>
			<string>&lt;group&gt;</string>
		</dict>
		<key>0B92CBB01D708FEB00473D40</key>
		<dict>
			<key>fileRef</key>
			<string>0B92C8201D708FEA00473D40</string>
			<key>isa</key>
			<string>PBXBuildFile</string>
		</dict>
		<key>0B92CBB11D708FEB00473D40</key>
		<dict>
			<key>fileRef</key>
			<string>0B92C8211D708FEA00473D40</string>
			<key>isa</key>
			<string>PBXBuildFile</string>
		</dict>
		<key>0B92CBB41D708FEB00473D40</key>
		<dict>
			<key>fileRef</key>
			<string>0B92C8241D708FEA00473D40</string>
			<key>isa</key>
			<string>PBXBuildFile</string>
		</dict>
		<key>0B92CBB51D708FEB00473D40</key>
		<dict>
			<key>fileRef</key>
			<string>0B92C8251D708FEA00473D40</string>
			<key>isa</key>
			<string>PBXBuildFile</string>
		</dict>
		<key>0B92CBBC1D708FEB00473D40</key>
		<dict>
			<key>fileRef</key>
			<string>0B92C82C1D708FEA00473D40</string>
			<key>isa</key>
			<string>PBXBuildFile</string>
		</dict>
		<key>0B92CBBD1D708FEB00473D40</key>
		<dict>
			<key>fileRef</key>
			<string>0B92C82D1D708FEA00473D40</string>
			<key>isa</key>
			<string>PBXBuildFile</string>
		</dict>
		<key>0B92CF0D1D70911E00473D40</key>
		<dict>
			<key>buildActionMask</key>
			<string>2147483647</string>
			<key>files</key>
			<array/>
			<key>inputPaths</key>
			<array>
				<string>$(SRCROOT)/Carthage/Build/iOS/Alamofire.framework</string>
				<string>$(SRCROOT)/Carthage/Build/iOS/KeychainAccess.framework</string>
				<string>$(SRCROOT)/Carthage/Build/iOS/OAuthSwift.framework</string>
				<string>$(SRCROOT)/Carthage/Build/iOS/SwiftyJSON.framework</string>
			</array>
			<key>isa</key>
			<string>PBXShellScriptBuildPhase</string>
			<key>name</key>
			<string>copy-frameworks</string>
			<key>outputPaths</key>
			<array/>
			<key>runOnlyForDeploymentPostprocessing</key>
			<string>0</string>
			<key>shellPath</key>
			<string>/bin/sh</string>
			<key>shellScript</key>
			<string>/usr/local/bin/carthage copy-frameworks</string>
		</dict>
		<key>0B9C47431D71DDD900C384CE</key>
		<dict>
			<key>isa</key>
			<string>PBXFileReference</string>
			<key>lastKnownFileType</key>
			<string>wrapper.framework</string>
			<key>path</key>
			<string>OAuthSwift.framework</string>
			<key>sourceTree</key>
			<string>&lt;group&gt;</string>
		</dict>
		<key>0B9C47441D71DDD900C384CE</key>
		<dict>
			<key>isa</key>
			<string>PBXFileReference</string>
			<key>lastKnownFileType</key>
			<string>wrapper.dsym</string>
			<key>path</key>
			<string>OAuthSwift.framework.dSYM</string>
			<key>sourceTree</key>
			<string>&lt;group&gt;</string>
		</dict>
		<key>0B9C47451D71DDD900C384CE</key>
		<dict>
			<key>fileRef</key>
			<string>0B9C47431D71DDD900C384CE</string>
			<key>isa</key>
			<string>PBXBuildFile</string>
		</dict>
		<key>0B9C47461D71DDD900C384CE</key>
		<dict>
			<key>fileRef</key>
			<string>0B9C47441D71DDD900C384CE</string>
			<key>isa</key>
			<string>PBXBuildFile</string>
		</dict>
		<key>0B9C47471D7C4BE400C384CE</key>
		<dict>
			<key>fileEncoding</key>
			<string>4</string>
			<key>isa</key>
			<string>PBXFileReference</string>
			<key>lastKnownFileType</key>
			<string>file.xib</string>
			<key>path</key>
			<string>TimelineCell.xib</string>
			<key>sourceTree</key>
			<string>&lt;group&gt;</string>
		</dict>
		<key>0B9C47481D7C4BE400C384CE</key>
		<dict>
			<key>fileRef</key>
			<string>0B9C47471D7C4BE400C384CE</string>
			<key>isa</key>
			<string>PBXBuildFile</string>
		</dict>
		<key>0B9C47491D7C4C4300C384CE</key>
		<dict>
			<key>fileEncoding</key>
			<string>4</string>
			<key>isa</key>
			<string>PBXFileReference</string>
			<key>lastKnownFileType</key>
			<string>sourcecode.swift</string>
			<key>path</key>
			<string>TimelineCell.swift</string>
			<key>sourceTree</key>
			<string>&lt;group&gt;</string>
		</dict>
		<key>0B9C474A1D7C4C4300C384CE</key>
		<dict>
			<key>fileRef</key>
			<string>0B9C47491D7C4C4300C384CE</string>
			<key>isa</key>
			<string>PBXBuildFile</string>
		</dict>
		<key>0BD59B181D70942300ED92D2</key>
		<dict>
			<key>children</key>
			<array>
				<string>0BD59B191D70942300ED92D2</string>
				<string>0BF316B01D9BFB4A00A0BF90</string>
				<string>0BF316AE1D9BF70900A0BF90</string>
				<string>0BD59B1D1D70942300ED92D2</string>
				<string>0B193BB01D70C5E900188F78</string>
				<string>0BD59B1B1D70942300ED92D2</string>
			</array>
			<key>isa</key>
			<string>PBXGroup</string>
			<key>path</key>
			<string>Storyboard</string>
			<key>sourceTree</key>
			<string>&lt;group&gt;</string>
		</dict>
		<key>0BD59B191D70942300ED92D2</key>
		<dict>
			<key>children</key>
			<array>
				<string>0BD59B1A1D70942300ED92D2</string>
			</array>
			<key>isa</key>
			<string>PBXVariantGroup</string>
			<key>name</key>
			<string>LaunchScreen.storyboard</string>
			<key>path</key>
			<string>.</string>
			<key>sourceTree</key>
			<string>&lt;group&gt;</string>
		</dict>
		<key>0BD59B1A1D70942300ED92D2</key>
		<dict>
			<key>isa</key>
			<string>PBXFileReference</string>
			<key>lastKnownFileType</key>
			<string>file.storyboard</string>
			<key>name</key>
			<string>Base</string>
			<key>path</key>
			<string>Base.lproj/LaunchScreen.storyboard</string>
			<key>sourceTree</key>
			<string>&lt;group&gt;</string>
		</dict>
		<key>0BD59B1B1D70942300ED92D2</key>
		<dict>
			<key>children</key>
			<array>
				<string>0BD59B1C1D70942300ED92D2</string>
			</array>
			<key>isa</key>
			<string>PBXVariantGroup</string>
			<key>name</key>
			<string>Welcome.storyboard</string>
			<key>path</key>
			<string>.</string>
			<key>sourceTree</key>
			<string>&lt;group&gt;</string>
		</dict>
		<key>0BD59B1C1D70942300ED92D2</key>
		<dict>
			<key>isa</key>
			<string>PBXFileReference</string>
			<key>lastKnownFileType</key>
			<string>file.storyboard</string>
			<key>name</key>
			<string>Base</string>
			<key>path</key>
			<string>Base.lproj/Welcome.storyboard</string>
			<key>sourceTree</key>
			<string>&lt;group&gt;</string>
		</dict>
		<key>0BD59B1D1D70942300ED92D2</key>
		<dict>
			<key>fileEncoding</key>
			<string>4</string>
			<key>isa</key>
			<string>PBXFileReference</string>
			<key>lastKnownFileType</key>
			<string>file.storyboard</string>
			<key>path</key>
			<string>TimelineNavigationController.storyboard</string>
			<key>sourceTree</key>
			<string>&lt;group&gt;</string>
		</dict>
		<key>0BD59B201D70942300ED92D2</key>
		<dict>
			<key>fileRef</key>
			<string>0BD59B1D1D70942300ED92D2</string>
			<key>isa</key>
			<string>PBXBuildFile</string>
		</dict>
		<key>0BD59B211D70BF3E00ED92D2</key>
		<dict>
			<key>fileEncoding</key>
			<string>4</string>
			<key>isa</key>
			<string>PBXFileReference</string>
			<key>lastKnownFileType</key>
			<string>sourcecode.swift</string>
			<key>path</key>
			<string>TimelineNavigationController.swift</string>
			<key>sourceTree</key>
			<string>&lt;group&gt;</string>
		</dict>
		<key>0BD59B221D70BF3E00ED92D2</key>
		<dict>
			<key>fileRef</key>
			<string>0BD59B211D70BF3E00ED92D2</string>
			<key>isa</key>
			<string>PBXBuildFile</string>
		</dict>
		<key>0BE43A2E1D70819C007AB85F</key>
		<dict>
			<key>children</key>
			<array>
				<string>0B92C8171D708FEA00473D40</string>
				<string>0BE43A381D70819C007AB85F</string>
				<string>0BE43A391D70819C007AB85F</string>
				<string>0BE43A4E1D70819C007AB85F</string>
				<string>0BE43A591D70819C007AB85F</string>
			</array>
			<key>isa</key>
			<string>PBXGroup</string>
			<key>sourceTree</key>
			<string>&lt;group&gt;</string>
		</dict>
		<key>0BE43A2F1D70819C007AB85F</key>
		<dict>
			<key>attributes</key>
			<dict>
				<key>LastSwiftUpdateCheck</key>
				<string>0730</string>
				<key>LastUpgradeCheck</key>
				<string>0800</string>
				<key>ORGANIZATIONNAME</key>
				<string>hayato.iida</string>
				<key>TargetAttributes</key>
				<dict>
					<key>0BE43A361D70819C007AB85F</key>
					<dict>
						<key>CreatedOnToolsVersion</key>
						<string>7.3.1</string>
						<key>LastSwiftMigration</key>
						<string>0800</string>
					</dict>
					<key>0BE43A4A1D70819C007AB85F</key>
					<dict>
						<key>CreatedOnToolsVersion</key>
						<string>7.3.1</string>
						<key>LastSwiftMigration</key>
						<string>0800</string>
						<key>TestTargetID</key>
						<string>0BE43A361D70819C007AB85F</string>
					</dict>
					<key>0BE43A551D70819C007AB85F</key>
					<dict>
						<key>CreatedOnToolsVersion</key>
						<string>7.3.1</string>
						<key>LastSwiftMigration</key>
						<string>0800</string>
						<key>TestTargetID</key>
						<string>0BE43A361D70819C007AB85F</string>
					</dict>
				</dict>
			</dict>
			<key>buildConfigurationList</key>
			<string>0BE43A321D70819C007AB85F</string>
			<key>compatibilityVersion</key>
			<string>Xcode 3.2</string>
			<key>developmentRegion</key>
			<string>English</string>
			<key>hasScannedForEncodings</key>
			<string>0</string>
			<key>isa</key>
			<string>PBXProject</string>
			<key>knownRegions</key>
			<array>
				<string>en</string>
				<string>Base</string>
			</array>
			<key>mainGroup</key>
			<string>0BE43A2E1D70819C007AB85F</string>
			<key>productRefGroup</key>
			<string>0BE43A381D70819C007AB85F</string>
			<key>projectDirPath</key>
			<string></string>
			<key>projectReferences</key>
			<array/>
			<key>projectRoot</key>
			<string></string>
			<key>targets</key>
			<array>
				<string>0BE43A361D70819C007AB85F</string>
				<string>0BE43A4A1D70819C007AB85F</string>
				<string>0BE43A551D70819C007AB85F</string>
			</array>
		</dict>
		<key>0BE43A321D70819C007AB85F</key>
		<dict>
			<key>buildConfigurations</key>
			<array>
				<string>0BE43A5D1D70819C007AB85F</string>
				<string>0BE43A5E1D70819C007AB85F</string>
			</array>
			<key>defaultConfigurationIsVisible</key>
			<string>0</string>
			<key>defaultConfigurationName</key>
			<string>Release</string>
			<key>isa</key>
			<string>XCConfigurationList</string>
		</dict>
		<key>0BE43A331D70819C007AB85F</key>
		<dict>
			<key>buildActionMask</key>
			<string>2147483647</string>
			<key>files</key>
			<array>
				<string>0B57BF9F1D70937E00D77039</string>
				<string>0BE43A3B1D70819C007AB85F</string>
				<string>0B57BFA01D70937E00D77039</string>
				<string>0BD59B221D70BF3E00ED92D2</string>
				<string>0B57BF9E1D70937E00D77039</string>
				<string>0BF316B31D9BFB7F00A0BF90</string>
				<string>0BF316B51D9BFC1800A0BF90</string>
				<string>0B193BAE1D70C57100188F78</string>
				<string>0B9C474A1D7C4C4300C384CE</string>
				<string>0B57BFA91D7093C800D77039</string>
				<string>0B57BFAB1D7093C800D77039</string>
			</array>
			<key>isa</key>
			<string>PBXSourcesBuildPhase</string>
			<key>runOnlyForDeploymentPostprocessing</key>
			<string>0</string>
		</dict>
		<key>0BE43A341D70819C007AB85F</key>
		<dict>
			<key>buildActionMask</key>
			<string>2147483647</string>
			<key>files</key>
			<array>
				<string>0B420ED61DB60074005E866B</string>
				<string>0B92CBB41D708FEB00473D40</string>
				<string>0B420EDA1DB60074005E866B</string>
				<string>0B420ED81DB60074005E866B</string>
				<string>0B420ED41DB60074005E866B</string>
				<string>0B92CBBC1D708FEB00473D40</string>
				<string>0B9C47451D71DDD900C384CE</string>
				<string>0B92CBB01D708FEB00473D40</string>
			</array>
			<key>isa</key>
			<string>PBXFrameworksBuildPhase</string>
			<key>runOnlyForDeploymentPostprocessing</key>
			<string>0</string>
		</dict>
		<key>0BE43A351D70819C007AB85F</key>
		<dict>
			<key>buildActionMask</key>
			<string>2147483647</string>
			<key>files</key>
			<array>
				<string>0B92CBB51D708FEB00473D40</string>
				<string>0B9C47481D7C4BE400C384CE</string>
				<string>0B193BB21D70C75C00188F78</string>
				<string>0B9C47461D71DDD900C384CE</string>
				<string>0B420ED71DB60074005E866B</string>
				<string>0B420ED51DB60074005E866B</string>
				<string>0B193BB31D70C75F00188F78</string>
				<string>0B92CBBD1D708FEB00473D40</string>
				<string>0B420ED91DB60074005E866B</string>
				<string>0BE43A421D70819C007AB85F</string>
				<string>0B420EDB1DB60074005E866B</string>
				<string>0BF316B11D9BFB4A00A0BF90</string>
				<string>0B92CBB11D708FEB00473D40</string>
				<string>0BD59B201D70942300ED92D2</string>
				<string>0B193BB11D70C5E900188F78</string>
				<string>0BF316AF1D9BF70900A0BF90</string>
			</array>
			<key>isa</key>
			<string>PBXResourcesBuildPhase</string>
			<key>runOnlyForDeploymentPostprocessing</key>
			<string>0</string>
		</dict>
		<key>0BE43A361D70819C007AB85F</key>
		<dict>
			<key>buildConfigurationList</key>
			<string>0BE43A5F1D70819C007AB85F</string>
			<key>buildPhases</key>
			<array>
				<string>0BE43A331D70819C007AB85F</string>
				<string>0BE43A341D70819C007AB85F</string>
				<string>0BE43A351D70819C007AB85F</string>
				<string>0B92CF0D1D70911E00473D40</string>
			</array>
			<key>buildRules</key>
			<array/>
			<key>dependencies</key>
			<array/>
			<key>isa</key>
			<string>PBXNativeTarget</string>
			<key>name</key>
			<string>i-nippo</string>
			<key>productName</key>
			<string>i-nippo</string>
			<key>productReference</key>
			<string>0BE43A371D70819C007AB85F</string>
			<key>productType</key>
			<string>com.apple.product-type.application</string>
		</dict>
		<key>0BE43A371D70819C007AB85F</key>
		<dict>
			<key>explicitFileType</key>
			<string>wrapper.application</string>
			<key>includeInIndex</key>
			<string>0</string>
			<key>isa</key>
			<string>PBXFileReference</string>
			<key>path</key>
			<string>i-nippo.app</string>
			<key>sourceTree</key>
			<string>BUILT_PRODUCTS_DIR</string>
		</dict>
		<key>0BE43A381D70819C007AB85F</key>
		<dict>
			<key>children</key>
			<array>
				<string>0BE43A371D70819C007AB85F</string>
				<string>0BE43A4B1D70819C007AB85F</string>
				<string>0BE43A561D70819C007AB85F</string>
			</array>
			<key>isa</key>
			<string>PBXGroup</string>
			<key>name</key>
			<string>Products</string>
			<key>sourceTree</key>
			<string>&lt;group&gt;</string>
		</dict>
		<key>0BE43A391D70819C007AB85F</key>
		<dict>
			<key>children</key>
			<array>
				<string>0B57BF9A1D70937E00D77039</string>
				<string>0B57BFA11D7093C800D77039</string>
				<string>0BD59B181D70942300ED92D2</string>
				<string>0BE43A3A1D70819C007AB85F</string>
				<string>0BE43A411D70819C007AB85F</string>
				<string>0BE43A461D70819C007AB85F</string>
			</array>
			<key>isa</key>
			<string>PBXGroup</string>
			<key>path</key>
			<string>i-nippo</string>
			<key>sourceTree</key>
			<string>&lt;group&gt;</string>
		</dict>
		<key>0BE43A3A1D70819C007AB85F</key>
		<dict>
			<key>isa</key>
			<string>PBXFileReference</string>
			<key>lastKnownFileType</key>
			<string>sourcecode.swift</string>
			<key>path</key>
			<string>AppDelegate.swift</string>
			<key>sourceTree</key>
			<string>&lt;group&gt;</string>
		</dict>
		<key>0BE43A3B1D70819C007AB85F</key>
		<dict>
			<key>fileRef</key>
			<string>0BE43A3A1D70819C007AB85F</string>
			<key>isa</key>
			<string>PBXBuildFile</string>
		</dict>
		<key>0BE43A411D70819C007AB85F</key>
		<dict>
			<key>isa</key>
			<string>PBXFileReference</string>
			<key>lastKnownFileType</key>
			<string>folder.assetcatalog</string>
			<key>path</key>
			<string>Assets.xcassets</string>
			<key>sourceTree</key>
			<string>&lt;group&gt;</string>
		</dict>
		<key>0BE43A421D70819C007AB85F</key>
		<dict>
			<key>fileRef</key>
			<string>0BE43A411D70819C007AB85F</string>
			<key>isa</key>
			<string>PBXBuildFile</string>
		</dict>
		<key>0BE43A461D70819C007AB85F</key>
		<dict>
			<key>isa</key>
			<string>PBXFileReference</string>
			<key>lastKnownFileType</key>
			<string>text.plist.xml</string>
			<key>path</key>
			<string>Info.plist</string>
			<key>sourceTree</key>
			<string>&lt;group&gt;</string>
		</dict>
		<key>0BE43A471D70819C007AB85F</key>
		<dict>
			<key>buildActionMask</key>
			<string>2147483647</string>
			<key>files</key>
			<array>
				<string>0BE43A501D70819C007AB85F</string>
			</array>
			<key>isa</key>
			<string>PBXSourcesBuildPhase</string>
			<key>runOnlyForDeploymentPostprocessing</key>
			<string>0</string>
		</dict>
		<key>0BE43A481D70819C007AB85F</key>
		<dict>
			<key>buildActionMask</key>
			<string>2147483647</string>
			<key>files</key>
			<array/>
			<key>isa</key>
			<string>PBXFrameworksBuildPhase</string>
			<key>runOnlyForDeploymentPostprocessing</key>
			<string>0</string>
		</dict>
		<key>0BE43A491D70819C007AB85F</key>
		<dict>
			<key>buildActionMask</key>
			<string>2147483647</string>
			<key>files</key>
			<array/>
			<key>isa</key>
			<string>PBXResourcesBuildPhase</string>
			<key>runOnlyForDeploymentPostprocessing</key>
			<string>0</string>
		</dict>
		<key>0BE43A4A1D70819C007AB85F</key>
		<dict>
			<key>buildConfigurationList</key>
			<string>0BE43A621D70819C007AB85F</string>
			<key>buildPhases</key>
			<array>
				<string>0BE43A471D70819C007AB85F</string>
				<string>0BE43A481D70819C007AB85F</string>
				<string>0BE43A491D70819C007AB85F</string>
			</array>
			<key>buildRules</key>
			<array/>
			<key>dependencies</key>
			<array>
				<string>0BE43A4D1D70819C007AB85F</string>
			</array>
			<key>isa</key>
			<string>PBXNativeTarget</string>
			<key>name</key>
			<string>i-nippoTests</string>
			<key>productName</key>
			<string>i-nippoTests</string>
			<key>productReference</key>
			<string>0BE43A4B1D70819C007AB85F</string>
			<key>productType</key>
			<string>com.apple.product-type.bundle.unit-test</string>
		</dict>
		<key>0BE43A4B1D70819C007AB85F</key>
		<dict>
			<key>explicitFileType</key>
			<string>wrapper.cfbundle</string>
			<key>includeInIndex</key>
			<string>0</string>
			<key>isa</key>
			<string>PBXFileReference</string>
			<key>path</key>
			<string>i-nippoTests.xctest</string>
			<key>sourceTree</key>
			<string>BUILT_PRODUCTS_DIR</string>
		</dict>
		<key>0BE43A4C1D70819C007AB85F</key>
		<dict>
			<key>containerPortal</key>
			<string>0BE43A2F1D70819C007AB85F</string>
			<key>isa</key>
			<string>PBXContainerItemProxy</string>
			<key>proxyType</key>
			<string>1</string>
			<key>remoteGlobalIDString</key>
			<string>0BE43A361D70819C007AB85F</string>
			<key>remoteInfo</key>
			<string>i-nippo</string>
		</dict>
		<key>0BE43A4D1D70819C007AB85F</key>
		<dict>
			<key>isa</key>
			<string>PBXTargetDependency</string>
			<key>target</key>
			<string>0BE43A361D70819C007AB85F</string>
			<key>targetProxy</key>
			<string>0BE43A4C1D70819C007AB85F</string>
		</dict>
		<key>0BE43A4E1D70819C007AB85F</key>
		<dict>
			<key>children</key>
			<array>
				<string>0BE43A511D70819C007AB85F</string>
				<string>0BE43A4F1D70819C007AB85F</string>
			</array>
			<key>isa</key>
			<string>PBXGroup</string>
			<key>path</key>
			<string>i-nippoTests</string>
			<key>sourceTree</key>
			<string>&lt;group&gt;</string>
		</dict>
		<key>0BE43A4F1D70819C007AB85F</key>
		<dict>
			<key>isa</key>
			<string>PBXFileReference</string>
			<key>lastKnownFileType</key>
			<string>sourcecode.swift</string>
			<key>path</key>
			<string>i_nippoTests.swift</string>
			<key>sourceTree</key>
			<string>&lt;group&gt;</string>
		</dict>
		<key>0BE43A501D70819C007AB85F</key>
		<dict>
			<key>fileRef</key>
			<string>0BE43A4F1D70819C007AB85F</string>
			<key>isa</key>
			<string>PBXBuildFile</string>
		</dict>
		<key>0BE43A511D70819C007AB85F</key>
		<dict>
			<key>isa</key>
			<string>PBXFileReference</string>
			<key>lastKnownFileType</key>
			<string>text.plist.xml</string>
			<key>path</key>
			<string>Info.plist</string>
			<key>sourceTree</key>
			<string>&lt;group&gt;</string>
		</dict>
		<key>0BE43A521D70819C007AB85F</key>
		<dict>
			<key>buildActionMask</key>
			<string>2147483647</string>
			<key>files</key>
			<array>
				<string>0BE43A5B1D70819C007AB85F</string>
			</array>
			<key>isa</key>
			<string>PBXSourcesBuildPhase</string>
			<key>runOnlyForDeploymentPostprocessing</key>
			<string>0</string>
		</dict>
		<key>0BE43A531D70819C007AB85F</key>
		<dict>
			<key>buildActionMask</key>
			<string>2147483647</string>
			<key>files</key>
			<array/>
			<key>isa</key>
			<string>PBXFrameworksBuildPhase</string>
			<key>runOnlyForDeploymentPostprocessing</key>
			<string>0</string>
		</dict>
		<key>0BE43A541D70819C007AB85F</key>
		<dict>
			<key>buildActionMask</key>
			<string>2147483647</string>
			<key>files</key>
			<array/>
			<key>isa</key>
			<string>PBXResourcesBuildPhase</string>
			<key>runOnlyForDeploymentPostprocessing</key>
			<string>0</string>
		</dict>
		<key>0BE43A551D70819C007AB85F</key>
		<dict>
			<key>buildConfigurationList</key>
			<string>0BE43A651D70819C007AB85F</string>
			<key>buildPhases</key>
			<array>
				<string>0BE43A521D70819C007AB85F</string>
				<string>0BE43A531D70819C007AB85F</string>
				<string>0BE43A541D70819C007AB85F</string>
			</array>
			<key>buildRules</key>
			<array/>
			<key>dependencies</key>
			<array>
				<string>0BE43A581D70819C007AB85F</string>
			</array>
			<key>isa</key>
			<string>PBXNativeTarget</string>
			<key>name</key>
			<string>i-nippoUITests</string>
			<key>productName</key>
			<string>i-nippoUITests</string>
			<key>productReference</key>
			<string>0BE43A561D70819C007AB85F</string>
			<key>productType</key>
			<string>com.apple.product-type.bundle.ui-testing</string>
		</dict>
		<key>0BE43A561D70819C007AB85F</key>
		<dict>
			<key>explicitFileType</key>
			<string>wrapper.cfbundle</string>
			<key>includeInIndex</key>
			<string>0</string>
			<key>isa</key>
			<string>PBXFileReference</string>
			<key>path</key>
			<string>i-nippoUITests.xctest</string>
			<key>sourceTree</key>
			<string>BUILT_PRODUCTS_DIR</string>
		</dict>
		<key>0BE43A571D70819C007AB85F</key>
		<dict>
			<key>containerPortal</key>
			<string>0BE43A2F1D70819C007AB85F</string>
			<key>isa</key>
			<string>PBXContainerItemProxy</string>
			<key>proxyType</key>
			<string>1</string>
			<key>remoteGlobalIDString</key>
			<string>0BE43A361D70819C007AB85F</string>
			<key>remoteInfo</key>
			<string>i-nippo</string>
		</dict>
		<key>0BE43A581D70819C007AB85F</key>
		<dict>
			<key>isa</key>
			<string>PBXTargetDependency</string>
			<key>target</key>
			<string>0BE43A361D70819C007AB85F</string>
			<key>targetProxy</key>
			<string>0BE43A571D70819C007AB85F</string>
		</dict>
		<key>0BE43A591D70819C007AB85F</key>
		<dict>
			<key>children</key>
			<array>
				<string>0BE43A5C1D70819C007AB85F</string>
				<string>0BE43A5A1D70819C007AB85F</string>
			</array>
			<key>isa</key>
			<string>PBXGroup</string>
			<key>path</key>
			<string>i-nippoUITests</string>
			<key>sourceTree</key>
			<string>&lt;group&gt;</string>
		</dict>
		<key>0BE43A5A1D70819C007AB85F</key>
		<dict>
			<key>isa</key>
			<string>PBXFileReference</string>
			<key>lastKnownFileType</key>
			<string>sourcecode.swift</string>
			<key>path</key>
			<string>i_nippoUITests.swift</string>
			<key>sourceTree</key>
			<string>&lt;group&gt;</string>
		</dict>
		<key>0BE43A5B1D70819C007AB85F</key>
		<dict>
			<key>fileRef</key>
			<string>0BE43A5A1D70819C007AB85F</string>
			<key>isa</key>
			<string>PBXBuildFile</string>
		</dict>
		<key>0BE43A5C1D70819C007AB85F</key>
		<dict>
			<key>isa</key>
			<string>PBXFileReference</string>
			<key>lastKnownFileType</key>
			<string>text.plist.xml</string>
			<key>path</key>
			<string>Info.plist</string>
			<key>sourceTree</key>
			<string>&lt;group&gt;</string>
		</dict>
		<key>0BE43A5D1D70819C007AB85F</key>
		<dict>
			<key>buildSettings</key>
			<dict>
				<key>ALWAYS_SEARCH_USER_PATHS</key>
				<string>NO</string>
				<key>CLANG_ANALYZER_NONNULL</key>
				<string>YES</string>
				<key>CLANG_CXX_LANGUAGE_STANDARD</key>
				<string>gnu++0x</string>
				<key>CLANG_CXX_LIBRARY</key>
				<string>libc++</string>
				<key>CLANG_ENABLE_MODULES</key>
				<string>YES</string>
				<key>CLANG_ENABLE_OBJC_ARC</key>
				<string>YES</string>
				<key>CLANG_WARN_BOOL_CONVERSION</key>
				<string>YES</string>
				<key>CLANG_WARN_CONSTANT_CONVERSION</key>
				<string>YES</string>
				<key>CLANG_WARN_DIRECT_OBJC_ISA_USAGE</key>
				<string>YES_ERROR</string>
				<key>CLANG_WARN_EMPTY_BODY</key>
				<string>YES</string>
				<key>CLANG_WARN_ENUM_CONVERSION</key>
				<string>YES</string>
				<key>CLANG_WARN_INFINITE_RECURSION</key>
				<string>YES</string>
				<key>CLANG_WARN_INT_CONVERSION</key>
				<string>YES</string>
				<key>CLANG_WARN_OBJC_ROOT_CLASS</key>
				<string>YES_ERROR</string>
				<key>CLANG_WARN_SUSPICIOUS_MOVE</key>
				<string>YES</string>
				<key>CLANG_WARN_UNREACHABLE_CODE</key>
				<string>YES</string>
				<key>CLANG_WARN__DUPLICATE_METHOD_MATCH</key>
				<string>YES</string>
				<key>CODE_SIGN_IDENTITY[sdk=iphoneos*]</key>
				<string>iPhone Developer</string>
				<key>COPY_PHASE_STRIP</key>
				<string>NO</string>
				<key>DEBUG_INFORMATION_FORMAT</key>
				<string>dwarf</string>
				<key>ENABLE_STRICT_OBJC_MSGSEND</key>
				<string>YES</string>
				<key>ENABLE_TESTABILITY</key>
				<string>YES</string>
				<key>GCC_C_LANGUAGE_STANDARD</key>
				<string>gnu99</string>
				<key>GCC_DYNAMIC_NO_PIC</key>
				<string>NO</string>
				<key>GCC_NO_COMMON_BLOCKS</key>
				<string>YES</string>
				<key>GCC_OPTIMIZATION_LEVEL</key>
				<string>0</string>
				<key>GCC_PREPROCESSOR_DEFINITIONS</key>
				<array>
					<string>DEBUG=1</string>
					<string>$(inherited)</string>
				</array>
				<key>GCC_WARN_64_TO_32_BIT_CONVERSION</key>
				<string>YES</string>
				<key>GCC_WARN_ABOUT_RETURN_TYPE</key>
				<string>YES_ERROR</string>
				<key>GCC_WARN_UNDECLARED_SELECTOR</key>
				<string>YES</string>
				<key>GCC_WARN_UNINITIALIZED_AUTOS</key>
				<string>YES_AGGRESSIVE</string>
				<key>GCC_WARN_UNUSED_FUNCTION</key>
				<string>YES</string>
				<key>GCC_WARN_UNUSED_VARIABLE</key>
				<string>YES</string>
				<key>IPHONEOS_DEPLOYMENT_TARGET</key>
				<string>9.3</string>
				<key>MTL_ENABLE_DEBUG_INFO</key>
				<string>YES</string>
				<key>ONLY_ACTIVE_ARCH</key>
				<string>YES</string>
				<key>SDKROOT</key>
				<string>iphoneos</string>
				<key>SWIFT_OPTIMIZATION_LEVEL</key>
				<string>-Onone</string>
				<key>TARGETED_DEVICE_FAMILY</key>
				<string>1,2</string>
			</dict>
			<key>isa</key>
			<string>XCBuildConfiguration</string>
			<key>name</key>
			<string>Debug</string>
		</dict>
		<key>0BE43A5E1D70819C007AB85F</key>
		<dict>
			<key>buildSettings</key>
			<dict>
				<key>ALWAYS_SEARCH_USER_PATHS</key>
				<string>NO</string>
				<key>CLANG_ANALYZER_NONNULL</key>
				<string>YES</string>
				<key>CLANG_CXX_LANGUAGE_STANDARD</key>
				<string>gnu++0x</string>
				<key>CLANG_CXX_LIBRARY</key>
				<string>libc++</string>
				<key>CLANG_ENABLE_MODULES</key>
				<string>YES</string>
				<key>CLANG_ENABLE_OBJC_ARC</key>
				<string>YES</string>
				<key>CLANG_WARN_BOOL_CONVERSION</key>
				<string>YES</string>
				<key>CLANG_WARN_CONSTANT_CONVERSION</key>
				<string>YES</string>
				<key>CLANG_WARN_DIRECT_OBJC_ISA_USAGE</key>
				<string>YES_ERROR</string>
				<key>CLANG_WARN_EMPTY_BODY</key>
				<string>YES</string>
				<key>CLANG_WARN_ENUM_CONVERSION</key>
				<string>YES</string>
				<key>CLANG_WARN_INFINITE_RECURSION</key>
				<string>YES</string>
				<key>CLANG_WARN_INT_CONVERSION</key>
				<string>YES</string>
				<key>CLANG_WARN_OBJC_ROOT_CLASS</key>
				<string>YES_ERROR</string>
				<key>CLANG_WARN_SUSPICIOUS_MOVE</key>
				<string>YES</string>
				<key>CLANG_WARN_UNREACHABLE_CODE</key>
				<string>YES</string>
				<key>CLANG_WARN__DUPLICATE_METHOD_MATCH</key>
				<string>YES</string>
				<key>CODE_SIGN_IDENTITY[sdk=iphoneos*]</key>
				<string>iPhone Developer</string>
				<key>COPY_PHASE_STRIP</key>
				<string>NO</string>
				<key>DEBUG_INFORMATION_FORMAT</key>
				<string>dwarf-with-dsym</string>
				<key>ENABLE_NS_ASSERTIONS</key>
				<string>NO</string>
				<key>ENABLE_STRICT_OBJC_MSGSEND</key>
				<string>YES</string>
				<key>GCC_C_LANGUAGE_STANDARD</key>
				<string>gnu99</string>
				<key>GCC_NO_COMMON_BLOCKS</key>
				<string>YES</string>
				<key>GCC_WARN_64_TO_32_BIT_CONVERSION</key>
				<string>YES</string>
				<key>GCC_WARN_ABOUT_RETURN_TYPE</key>
				<string>YES_ERROR</string>
				<key>GCC_WARN_UNDECLARED_SELECTOR</key>
				<string>YES</string>
				<key>GCC_WARN_UNINITIALIZED_AUTOS</key>
				<string>YES_AGGRESSIVE</string>
				<key>GCC_WARN_UNUSED_FUNCTION</key>
				<string>YES</string>
				<key>GCC_WARN_UNUSED_VARIABLE</key>
				<string>YES</string>
				<key>IPHONEOS_DEPLOYMENT_TARGET</key>
				<string>9.3</string>
				<key>MTL_ENABLE_DEBUG_INFO</key>
				<string>NO</string>
				<key>SDKROOT</key>
				<string>iphoneos</string>
				<key>SWIFT_OPTIMIZATION_LEVEL</key>
				<string>-Owholemodule</string>
				<key>TARGETED_DEVICE_FAMILY</key>
				<string>1,2</string>
				<key>VALIDATE_PRODUCT</key>
				<string>YES</string>
			</dict>
			<key>isa</key>
			<string>XCBuildConfiguration</string>
			<key>name</key>
			<string>Release</string>
		</dict>
		<key>0BE43A5F1D70819C007AB85F</key>
		<dict>
			<key>buildConfigurations</key>
			<array>
				<string>0BE43A601D70819C007AB85F</string>
				<string>0BE43A611D70819C007AB85F</string>
			</array>
			<key>defaultConfigurationIsVisible</key>
			<string>0</string>
			<key>defaultConfigurationName</key>
			<string>Release</string>
			<key>isa</key>
			<string>XCConfigurationList</string>
		</dict>
		<key>0BE43A601D70819C007AB85F</key>
		<dict>
			<key>buildSettings</key>
			<dict>
				<key>ASSETCATALOG_COMPILER_APPICON_NAME</key>
				<string>AppIcon</string>
				<key>FRAMEWORK_SEARCH_PATHS</key>
				<array>
					<string>$(inherited)</string>
					<string>$(PROJECT_DIR)/Carthage/Build/iOS</string>
					<string>$(PROJECT_DIR)/Carthage/Build/Mac</string>
					<string>$(PROJECT_DIR)/Carthage/Build/tvOS</string>
					<string>$(PROJECT_DIR)/Carthage/Build/watchOS</string>
					<string>$(PROJECT_DIR)/Carthage/Checkouts/Alamofire/Carthage/Build/iOS</string>
					<string>$(PROJECT_DIR)/Carthage/Checkouts/Alamofire/Carthage/Build/Mac</string>
					<string>$(PROJECT_DIR)/Carthage/Checkouts/Alamofire/Carthage/Build/tvOS</string>
					<string>$(PROJECT_DIR)/Carthage/Checkouts/Alamofire/Carthage/Build/watchOS</string>
					<string>$(PROJECT_DIR)/Carthage/Checkouts/Nimble/Carthage/Build/iOS</string>
					<string>$(PROJECT_DIR)/Carthage/Checkouts/Nimble/Carthage/Build/Mac</string>
					<string>$(PROJECT_DIR)/Carthage/Checkouts/Nimble/Carthage/Build/tvOS</string>
					<string>$(PROJECT_DIR)/Carthage/Checkouts/Nimble/Carthage/Build/watchOS</string>
					<string>$(PROJECT_DIR)/Carthage/Checkouts/OAuth2/Carthage/Build/iOS</string>
					<string>$(PROJECT_DIR)/Carthage/Checkouts/OAuth2/Carthage/Build/Mac</string>
					<string>$(PROJECT_DIR)/Carthage/Checkouts/OAuth2/Carthage/Build/tvOS</string>
					<string>$(PROJECT_DIR)/Carthage/Checkouts/OAuth2/Carthage/Build/watchOS</string>
					<string>$(PROJECT_DIR)/Carthage/Checkouts/Quick/Carthage/Build/iOS</string>
					<string>$(PROJECT_DIR)/Carthage/Checkouts/Quick/Carthage/Build/Mac</string>
					<string>$(PROJECT_DIR)/Carthage/Checkouts/Quick/Carthage/Build/tvOS</string>
					<string>$(PROJECT_DIR)/Carthage/Checkouts/Quick/Carthage/Build/watchOS</string>
					<string>$(PROJECT_DIR)/Carthage/Checkouts/SwiftyJSON/Carthage/Build/iOS</string>
					<string>$(PROJECT_DIR)/Carthage/Checkouts/SwiftyJSON/Carthage/Build/Mac</string>
					<string>$(PROJECT_DIR)/Carthage/Checkouts/SwiftyJSON/Carthage/Build/tvOS</string>
					<string>$(PROJECT_DIR)/Carthage/Checkouts/SwiftyJSON/Carthage/Build/watchOS</string>
				</array>
				<key>INFOPLIST_FILE</key>
				<string>i-nippo/Info.plist</string>
				<key>LD_RUNPATH_SEARCH_PATHS</key>
				<string>$(inherited) @executable_path/Frameworks</string>
				<key>PRODUCT_BUNDLE_IDENTIFIER</key>
				<string>hi.i-nippo</string>
				<key>PRODUCT_NAME</key>
				<string>$(TARGET_NAME)</string>
				<key>SWIFT_VERSION</key>
				<string>3.0</string>
			</dict>
			<key>isa</key>
			<string>XCBuildConfiguration</string>
			<key>name</key>
			<string>Debug</string>
		</dict>
		<key>0BE43A611D70819C007AB85F</key>
		<dict>
			<key>buildSettings</key>
			<dict>
				<key>ASSETCATALOG_COMPILER_APPICON_NAME</key>
				<string>AppIcon</string>
				<key>FRAMEWORK_SEARCH_PATHS</key>
				<array>
					<string>$(inherited)</string>
					<string>$(PROJECT_DIR)/Carthage/Build/iOS</string>
					<string>$(PROJECT_DIR)/Carthage/Build/Mac</string>
					<string>$(PROJECT_DIR)/Carthage/Build/tvOS</string>
					<string>$(PROJECT_DIR)/Carthage/Build/watchOS</string>
					<string>$(PROJECT_DIR)/Carthage/Checkouts/Alamofire/Carthage/Build/iOS</string>
					<string>$(PROJECT_DIR)/Carthage/Checkouts/Alamofire/Carthage/Build/Mac</string>
					<string>$(PROJECT_DIR)/Carthage/Checkouts/Alamofire/Carthage/Build/tvOS</string>
					<string>$(PROJECT_DIR)/Carthage/Checkouts/Alamofire/Carthage/Build/watchOS</string>
					<string>$(PROJECT_DIR)/Carthage/Checkouts/Nimble/Carthage/Build/iOS</string>
					<string>$(PROJECT_DIR)/Carthage/Checkouts/Nimble/Carthage/Build/Mac</string>
					<string>$(PROJECT_DIR)/Carthage/Checkouts/Nimble/Carthage/Build/tvOS</string>
					<string>$(PROJECT_DIR)/Carthage/Checkouts/Nimble/Carthage/Build/watchOS</string>
					<string>$(PROJECT_DIR)/Carthage/Checkouts/OAuth2/Carthage/Build/iOS</string>
					<string>$(PROJECT_DIR)/Carthage/Checkouts/OAuth2/Carthage/Build/Mac</string>
					<string>$(PROJECT_DIR)/Carthage/Checkouts/OAuth2/Carthage/Build/tvOS</string>
					<string>$(PROJECT_DIR)/Carthage/Checkouts/OAuth2/Carthage/Build/watchOS</string>
					<string>$(PROJECT_DIR)/Carthage/Checkouts/Quick/Carthage/Build/iOS</string>
					<string>$(PROJECT_DIR)/Carthage/Checkouts/Quick/Carthage/Build/Mac</string>
					<string>$(PROJECT_DIR)/Carthage/Checkouts/Quick/Carthage/Build/tvOS</string>
					<string>$(PROJECT_DIR)/Carthage/Checkouts/Quick/Carthage/Build/watchOS</string>
					<string>$(PROJECT_DIR)/Carthage/Checkouts/SwiftyJSON/Carthage/Build/iOS</string>
					<string>$(PROJECT_DIR)/Carthage/Checkouts/SwiftyJSON/Carthage/Build/Mac</string>
					<string>$(PROJECT_DIR)/Carthage/Checkouts/SwiftyJSON/Carthage/Build/tvOS</string>
					<string>$(PROJECT_DIR)/Carthage/Checkouts/SwiftyJSON/Carthage/Build/watchOS</string>
				</array>
				<key>INFOPLIST_FILE</key>
				<string>i-nippo/Info.plist</string>
				<key>LD_RUNPATH_SEARCH_PATHS</key>
				<string>$(inherited) @executable_path/Frameworks</string>
				<key>PRODUCT_BUNDLE_IDENTIFIER</key>
				<string>hi.i-nippo</string>
				<key>PRODUCT_NAME</key>
				<string>$(TARGET_NAME)</string>
				<key>SWIFT_VERSION</key>
				<string>3.0</string>
			</dict>
			<key>isa</key>
			<string>XCBuildConfiguration</string>
			<key>name</key>
			<string>Release</string>
		</dict>
		<key>0BE43A621D70819C007AB85F</key>
		<dict>
			<key>buildConfigurations</key>
			<array>
				<string>0BE43A631D70819C007AB85F</string>
				<string>0BE43A641D70819C007AB85F</string>
			</array>
			<key>defaultConfigurationIsVisible</key>
			<string>0</string>
			<key>defaultConfigurationName</key>
			<string>Release</string>
			<key>isa</key>
			<string>XCConfigurationList</string>
		</dict>
		<key>0BE43A631D70819C007AB85F</key>
		<dict>
			<key>buildSettings</key>
			<dict>
				<key>BUNDLE_LOADER</key>
				<string>$(TEST_HOST)</string>
				<key>INFOPLIST_FILE</key>
				<string>i-nippoTests/Info.plist</string>
				<key>LD_RUNPATH_SEARCH_PATHS</key>
				<string>$(inherited) @executable_path/Frameworks @loader_path/Frameworks</string>
				<key>PRODUCT_BUNDLE_IDENTIFIER</key>
				<string>hi.i-nippoTests</string>
				<key>PRODUCT_NAME</key>
				<string>$(TARGET_NAME)</string>
				<key>SWIFT_VERSION</key>
				<string>3.0</string>
				<key>TEST_HOST</key>
				<string>$(BUILT_PRODUCTS_DIR)/i-nippo.app/i-nippo</string>
			</dict>
			<key>isa</key>
			<string>XCBuildConfiguration</string>
			<key>name</key>
			<string>Debug</string>
		</dict>
		<key>0BE43A641D70819C007AB85F</key>
		<dict>
			<key>buildSettings</key>
			<dict>
				<key>BUNDLE_LOADER</key>
				<string>$(TEST_HOST)</string>
				<key>INFOPLIST_FILE</key>
				<string>i-nippoTests/Info.plist</string>
				<key>LD_RUNPATH_SEARCH_PATHS</key>
				<string>$(inherited) @executable_path/Frameworks @loader_path/Frameworks</string>
				<key>PRODUCT_BUNDLE_IDENTIFIER</key>
				<string>hi.i-nippoTests</string>
				<key>PRODUCT_NAME</key>
				<string>$(TARGET_NAME)</string>
				<key>SWIFT_VERSION</key>
				<string>3.0</string>
				<key>TEST_HOST</key>
				<string>$(BUILT_PRODUCTS_DIR)/i-nippo.app/i-nippo</string>
			</dict>
			<key>isa</key>
			<string>XCBuildConfiguration</string>
			<key>name</key>
			<string>Release</string>
		</dict>
		<key>0BE43A651D70819C007AB85F</key>
		<dict>
			<key>buildConfigurations</key>
			<array>
				<string>0BE43A661D70819C007AB85F</string>
				<string>0BE43A671D70819C007AB85F</string>
			</array>
			<key>defaultConfigurationIsVisible</key>
			<string>0</string>
			<key>defaultConfigurationName</key>
			<string>Release</string>
			<key>isa</key>
			<string>XCConfigurationList</string>
		</dict>
		<key>0BE43A661D70819C007AB85F</key>
		<dict>
			<key>buildSettings</key>
			<dict>
				<key>INFOPLIST_FILE</key>
				<string>i-nippoUITests/Info.plist</string>
				<key>LD_RUNPATH_SEARCH_PATHS</key>
				<string>$(inherited) @executable_path/Frameworks @loader_path/Frameworks</string>
				<key>PRODUCT_BUNDLE_IDENTIFIER</key>
				<string>hi.i-nippoUITests</string>
				<key>PRODUCT_NAME</key>
				<string>$(TARGET_NAME)</string>
				<key>SWIFT_VERSION</key>
				<string>3.0</string>
				<key>TEST_TARGET_NAME</key>
				<string>i-nippo</string>
			</dict>
			<key>isa</key>
			<string>XCBuildConfiguration</string>
			<key>name</key>
			<string>Debug</string>
		</dict>
		<key>0BE43A671D70819C007AB85F</key>
		<dict>
			<key>buildSettings</key>
			<dict>
				<key>INFOPLIST_FILE</key>
				<string>i-nippoUITests/Info.plist</string>
				<key>LD_RUNPATH_SEARCH_PATHS</key>
				<string>$(inherited) @executable_path/Frameworks @loader_path/Frameworks</string>
				<key>PRODUCT_BUNDLE_IDENTIFIER</key>
				<string>hi.i-nippoUITests</string>
				<key>PRODUCT_NAME</key>
				<string>$(TARGET_NAME)</string>
				<key>SWIFT_VERSION</key>
				<string>3.0</string>
				<key>TEST_TARGET_NAME</key>
				<string>i-nippo</string>
			</dict>
			<key>isa</key>
			<string>XCBuildConfiguration</string>
			<key>name</key>
			<string>Release</string>
		</dict>
		<key>0BF316AE1D9BF70900A0BF90</key>
		<dict>
			<key>fileEncoding</key>
			<string>4</string>
			<key>isa</key>
			<string>PBXFileReference</string>
			<key>lastKnownFileType</key>
			<string>file.storyboard</string>
			<key>path</key>
			<string>RootTabVC.storyboard</string>
			<key>sourceTree</key>
			<string>&lt;group&gt;</string>
		</dict>
		<key>0BF316AF1D9BF70900A0BF90</key>
		<dict>
			<key>fileRef</key>
			<string>0BF316AE1D9BF70900A0BF90</string>
			<key>isa</key>
			<string>PBXBuildFile</string>
		</dict>
		<key>0BF316B01D9BFB4A00A0BF90</key>
		<dict>
			<key>fileEncoding</key>
			<string>4</string>
			<key>isa</key>
			<string>PBXFileReference</string>
			<key>lastKnownFileType</key>
			<string>file.storyboard</string>
			<key>path</key>
			<string>PostNippo.storyboard</string>
			<key>sourceTree</key>
			<string>&lt;group&gt;</string>
		</dict>
		<key>0BF316B11D9BFB4A00A0BF90</key>
		<dict>
			<key>fileRef</key>
			<string>0BF316B01D9BFB4A00A0BF90</string>
			<key>isa</key>
			<string>PBXBuildFile</string>
		</dict>
		<key>0BF316B21D9BFB7F00A0BF90</key>
		<dict>
			<key>fileEncoding</key>
			<string>4</string>
			<key>isa</key>
			<string>PBXFileReference</string>
			<key>lastKnownFileType</key>
			<string>sourcecode.swift</string>
			<key>path</key>
			<string>PostNippoVC.swift</string>
			<key>sourceTree</key>
			<string>&lt;group&gt;</string>
		</dict>
		<key>0BF316B31D9BFB7F00A0BF90</key>
		<dict>
			<key>fileRef</key>
			<string>0BF316B21D9BFB7F00A0BF90</string>
			<key>isa</key>
			<string>PBXBuildFile</string>
		</dict>
		<key>0BF316B41D9BFC1800A0BF90</key>
		<dict>
			<key>fileEncoding</key>
			<string>4</string>
			<key>isa</key>
			<string>PBXFileReference</string>
			<key>lastKnownFileType</key>
			<string>sourcecode.swift</string>
			<key>path</key>
			<string>RootTabVC.swift</string>
			<key>sourceTree</key>
			<string>&lt;group&gt;</string>
		</dict>
		<key>0BF316B51D9BFC1800A0BF90</key>
		<dict>
			<key>fileRef</key>
			<string>0BF316B41D9BFC1800A0BF90</string>
			<key>isa</key>
			<string>PBXBuildFile</string>
		</dict>
	</dict>
	<key>rootObject</key>
	<string>0BE43A2F1D70819C007AB85F</string>
</dict>
</plist>
